PODS:
  - Gifu (3.0.0)
  - Nuke (6.0)
  - Nuke-Gifu-Plugin (2.0):
    - Gifu (~> 3.0)
    - Nuke (~> 6.0)

DEPENDENCIES:
  - Nuke (~> 6.0)
  - Nuke-Gifu-Plugin

SPEC CHECKSUMS:
  Gifu: 6543ca2056a3d697097c09fe543ef49348ccc892
  Nuke: d83812262734dad51e3c498cb1c4f7923f2b78c6
  Nuke-Gifu-Plugin: 835a3f2ed9aada5e05c479e1e81fba6ce01f4120

PODFILE CHECKSUM: d69d7a6a54d83f6d9b6898e19cbf4957ae79d8ce

COCOAPODS: 1.3.1
