PODS:
  - Down (0.6.6)
  - Gifu (3.2.0)
  - Nuke (7.6)

DEPENDENCIES:
  - Down
  - Gifu
  - Nuke (~> 7.0)

SPEC REPOS:
  https://github.com/cocoapods/specs.git:
    - Down
    - Gifu
    - Nuke

SPEC CHECKSUMS:
  Down: 71bf4af3c04fa093e65dffa25c4b64fa61287373
  Gifu: 7bcb6427457d85e0b4dff5a84ec5947ac19a93ea
  Nuke: aa1c6a5919b543debe814530881f2fccb58c26d4

PODFILE CHECKSUM: 79c5399489c0ded09bb8a066d8bcd54e4ecea3fc

COCOAPODS: 1.5.3
