PODS:
  - Gifu (3.1.0)
  - Nuke (7.3.2)

DEPENDENCIES:
  - Gifu
  - Nuke (~> 7.0)

SPEC REPOS:
  https://github.com/cocoapods/specs.git:
    - Gifu
    - Nuke

SPEC CHECKSUMS:
  Gifu: fd1e9e3a15ac5d90bae0a510e4ed9f94b485ab03
  Nuke: a9a31bbd6c6723753ab024ef22057dcaaf046c1b

PODFILE CHECKSUM: e2d65a0d17f1ac674ce0658d5b661a16420185f9

COCOAPODS: 1.5.2
