// !$*UTF8*$!
{
	archiveVersion = 1;
	classes = {
	};
	objectVersion = 48;
	objects = {

/* Begin PBXBuildFile section */
		4EB09F33097B2134019A918D /* Pods_Minimal.framework in Frameworks */ = {isa = PBXBuildFile; fileRef = F61CBBD01DF4E0DDD853B07D /* Pods_Minimal.framework */; };
		C0110E141FB4DF5700410478 /* TypeName.swift in Sources */ = {isa = PBXBuildFile; fileRef = C0110E131FB4DF5700410478 /* TypeName.swift */; };
		C0110E161FB5671400410478 /* Notification+Extensions.swift in Sources */ = {isa = PBXBuildFile; fileRef = C0110E151FB5671400410478 /* Notification+Extensions.swift */; };
		C03167BE1FB13DEC00E420D0 /* GradientView.swift in Sources */ = {isa = PBXBuildFile; fileRef = C03167BD1FB13DEC00E420D0 /* GradientView.swift */; };
		C03167C01FB175A900E420D0 /* MainCollectionViewFlowLayout.swift in Sources */ = {isa = PBXBuildFile; fileRef = C03167BF1FB175A900E420D0 /* MainCollectionViewFlowLayout.swift */; };
		C03F92221FA022B9009EEEF3 /* SyncManager.swift in Sources */ = {isa = PBXBuildFile; fileRef = C03F92211FA022B9009EEEF3 /* SyncManager.swift */; };
		C03F92251FA049BE009EEEF3 /* CoreDataManager.swift in Sources */ = {isa = PBXBuildFile; fileRef = C03F92241FA049BE009EEEF3 /* CoreDataManager.swift */; };
		C03F92271FA11DE7009EEEF3 /* NSManagedObject+Extensions.swift in Sources */ = {isa = PBXBuildFile; fileRef = C03F92261FA11DE6009EEEF3 /* NSManagedObject+Extensions.swift */; };
		C0897DA41FAAC75900801E08 /* SearchViewController.swift in Sources */ = {isa = PBXBuildFile; fileRef = C0897DA31FAAC75900801E08 /* SearchViewController.swift */; };
		C0897DA61FAAC89700801E08 /* SearchCell.swift in Sources */ = {isa = PBXBuildFile; fileRef = C0897DA51FAAC89700801E08 /* SearchCell.swift */; };
		C0897DA81FABB4FB00801E08 /* PlayerView.swift in Sources */ = {isa = PBXBuildFile; fileRef = C0897DA71FABB4FB00801E08 /* PlayerView.swift */; };
		C0A385761F9E54AF005064DF /* AppDelegate.swift in Sources */ = {isa = PBXBuildFile; fileRef = C0A385751F9E54AF005064DF /* AppDelegate.swift */; };
		C0A385781F9E54B0005064DF /* ViewController.swift in Sources */ = {isa = PBXBuildFile; fileRef = C0A385771F9E54B0005064DF /* ViewController.swift */; };
		C0A3857E1F9E54B0005064DF /* Minimal.xcdatamodeld in Sources */ = {isa = PBXBuildFile; fileRef = C0A3857C1F9E54B0005064DF /* Minimal.xcdatamodeld */; };
		C0A385801F9E54B0005064DF /* Assets.xcassets in Resources */ = {isa = PBXBuildFile; fileRef = C0A3857F1F9E54B0005064DF /* Assets.xcassets */; };
		C0A385831F9E54B0005064DF /* LaunchScreen.storyboard in Resources */ = {isa = PBXBuildFile; fileRef = C0A385811F9E54B0005064DF /* LaunchScreen.storyboard */; };
		C0A3858F1F9E5718005064DF /* Root.storyboard in Resources */ = {isa = PBXBuildFile; fileRef = C0A3858E1F9E5718005064DF /* Root.storyboard */; };
		C0A385911F9E58DA005064DF /* Subscribed.storyboard in Resources */ = {isa = PBXBuildFile; fileRef = C0A385901F9E58DA005064DF /* Subscribed.storyboard */; };
		C0A385931F9E9089005064DF /* Search.storyboard in Resources */ = {isa = PBXBuildFile; fileRef = C0A385921F9E9089005064DF /* Search.storyboard */; };
		C0A385951F9E90DF005064DF /* Main.storyboard in Resources */ = {isa = PBXBuildFile; fileRef = C0A385941F9E90DF005064DF /* Main.storyboard */; };
		C0A385971F9E9130005064DF /* Settings.storyboard in Resources */ = {isa = PBXBuildFile; fileRef = C0A385961F9E9130005064DF /* Settings.storyboard */; };
		C0A3859C1F9E9796005064DF /* MainViewController.swift in Sources */ = {isa = PBXBuildFile; fileRef = C0A3859B1F9E9796005064DF /* MainViewController.swift */; };
		C0A3859E1F9E98AC005064DF /* MainCell.swift in Sources */ = {isa = PBXBuildFile; fileRef = C0A3859D1F9E98AC005064DF /* MainCell.swift */; };
		C0A385A11F9EA1D9005064DF /* APIManager.swift in Sources */ = {isa = PBXBuildFile; fileRef = C0A385A01F9EA1D9005064DF /* APIManager.swift */; };
		C0A385A41F9F885E005064DF /* ListingContract.swift in Sources */ = {isa = PBXBuildFile; fileRef = C0A385A31F9F885E005064DF /* ListingContract.swift */; };
		C0DA84D81FA00D10006BE949 /* Listing+CoreDataClass.swift in Sources */ = {isa = PBXBuildFile; fileRef = C0DA84D61FA00D10006BE949 /* Listing+CoreDataClass.swift */; };
		C0DA84D91FA00D10006BE949 /* Listing+CoreDataProperties.swift in Sources */ = {isa = PBXBuildFile; fileRef = C0DA84D71FA00D10006BE949 /* Listing+CoreDataProperties.swift */; };
		C0DA84DC1FA01769006BE949 /* ListingTypeEnum.swift in Sources */ = {isa = PBXBuildFile; fileRef = C0DA84DB1FA01769006BE949 /* ListingTypeEnum.swift */; };
		C0ED1F9C1FB2AC1900580C1E /* DetailViewController.swift in Sources */ = {isa = PBXBuildFile; fileRef = C0ED1F9B1FB2AC1900580C1E /* DetailViewController.swift */; };
		C0ED1F9E1FB3F0DB00580C1E /* Date+Extensions.swift in Sources */ = {isa = PBXBuildFile; fileRef = C0ED1F9D1FB3F0DB00580C1E /* Date+Extensions.swift */; };
/* End PBXBuildFile section */

/* Begin PBXFileReference section */
		6EE6E699A8CC366AF9CF9E08 /* Pods-Minimal.release.xcconfig */ = {isa = PBXFileReference; includeInIndex = 1; lastKnownFileType = text.xcconfig; name = "Pods-Minimal.release.xcconfig"; path = "Pods/Target Support Files/Pods-Minimal/Pods-Minimal.release.xcconfig"; sourceTree = "<group>"; };
		C0110E131FB4DF5700410478 /* TypeName.swift */ = {isa = PBXFileReference; lastKnownFileType = sourcecode.swift; path = TypeName.swift; sourceTree = "<group>"; };
		C0110E151FB5671400410478 /* Notification+Extensions.swift */ = {isa = PBXFileReference; lastKnownFileType = sourcecode.swift; path = "Notification+Extensions.swift"; sourceTree = "<group>"; };
		C03167BD1FB13DEC00E420D0 /* GradientView.swift */ = {isa = PBXFileReference; lastKnownFileType = sourcecode.swift; path = GradientView.swift; sourceTree = "<group>"; };
		C03167BF1FB175A900E420D0 /* MainCollectionViewFlowLayout.swift */ = {isa = PBXFileReference; lastKnownFileType = sourcecode.swift; path = MainCollectionViewFlowLayout.swift; sourceTree = "<group>"; };
		C03F92211FA022B9009EEEF3 /* SyncManager.swift */ = {isa = PBXFileReference; lastKnownFileType = sourcecode.swift; path = SyncManager.swift; sourceTree = "<group>"; };
		C03F92241FA049BE009EEEF3 /* CoreDataManager.swift */ = {isa = PBXFileReference; lastKnownFileType = sourcecode.swift; path = CoreDataManager.swift; sourceTree = "<group>"; };
		C03F92261FA11DE6009EEEF3 /* NSManagedObject+Extensions.swift */ = {isa = PBXFileReference; lastKnownFileType = sourcecode.swift; name = "NSManagedObject+Extensions.swift"; path = "Extensions/NSManagedObject+Extensions.swift"; sourceTree = "<group>"; };
		C0897DA31FAAC75900801E08 /* SearchViewController.swift */ = {isa = PBXFileReference; lastKnownFileType = sourcecode.swift; path = SearchViewController.swift; sourceTree = "<group>"; };
		C0897DA51FAAC89700801E08 /* SearchCell.swift */ = {isa = PBXFileReference; lastKnownFileType = sourcecode.swift; path = SearchCell.swift; sourceTree = "<group>"; };
		C0897DA71FABB4FB00801E08 /* PlayerView.swift */ = {isa = PBXFileReference; lastKnownFileType = sourcecode.swift; path = PlayerView.swift; sourceTree = "<group>"; };
		C0A385721F9E54AF005064DF /* Minimal.app */ = {isa = PBXFileReference; explicitFileType = wrapper.application; includeInIndex = 0; path = Minimal.app; sourceTree = BUILT_PRODUCTS_DIR; };
		C0A385751F9E54AF005064DF /* AppDelegate.swift */ = {isa = PBXFileReference; lastKnownFileType = sourcecode.swift; path = AppDelegate.swift; sourceTree = "<group>"; };
		C0A385771F9E54B0005064DF /* ViewController.swift */ = {isa = PBXFileReference; lastKnownFileType = sourcecode.swift; path = ViewController.swift; sourceTree = "<group>"; };
		C0A3857D1F9E54B0005064DF /* Minimal.xcdatamodel */ = {isa = PBXFileReference; lastKnownFileType = wrapper.xcdatamodel; path = Minimal.xcdatamodel; sourceTree = "<group>"; };
		C0A3857F1F9E54B0005064DF /* Assets.xcassets */ = {isa = PBXFileReference; lastKnownFileType = folder.assetcatalog; path = Assets.xcassets; sourceTree = "<group>"; };
		C0A385821F9E54B0005064DF /* Base */ = {isa = PBXFileReference; lastKnownFileType = file.storyboard; name = Base; path = Base.lproj/LaunchScreen.storyboard; sourceTree = "<group>"; };
		C0A385841F9E54B0005064DF /* Info.plist */ = {isa = PBXFileReference; lastKnownFileType = text.plist.xml; path = Info.plist; sourceTree = "<group>"; };
		C0A3858E1F9E5718005064DF /* Root.storyboard */ = {isa = PBXFileReference; lastKnownFileType = file.storyboard; path = Root.storyboard; sourceTree = "<group>"; };
		C0A385901F9E58DA005064DF /* Subscribed.storyboard */ = {isa = PBXFileReference; fileEncoding = 4; lastKnownFileType = file.storyboard; path = Subscribed.storyboard; sourceTree = "<group>"; };
		C0A385921F9E9089005064DF /* Search.storyboard */ = {isa = PBXFileReference; fileEncoding = 4; lastKnownFileType = file.storyboard; path = Search.storyboard; sourceTree = "<group>"; };
		C0A385941F9E90DF005064DF /* Main.storyboard */ = {isa = PBXFileReference; fileEncoding = 4; lastKnownFileType = file.storyboard; path = Main.storyboard; sourceTree = "<group>"; };
		C0A385961F9E9130005064DF /* Settings.storyboard */ = {isa = PBXFileReference; fileEncoding = 4; lastKnownFileType = file.storyboard; path = Settings.storyboard; sourceTree = "<group>"; };
		C0A3859B1F9E9796005064DF /* MainViewController.swift */ = {isa = PBXFileReference; lastKnownFileType = sourcecode.swift; path = MainViewController.swift; sourceTree = "<group>"; };
		C0A3859D1F9E98AC005064DF /* MainCell.swift */ = {isa = PBXFileReference; lastKnownFileType = sourcecode.swift; path = MainCell.swift; sourceTree = "<group>"; };
		C0A385A01F9EA1D9005064DF /* APIManager.swift */ = {isa = PBXFileReference; lastKnownFileType = sourcecode.swift; path = APIManager.swift; sourceTree = "<group>"; };
		C0A385A31F9F885E005064DF /* ListingContract.swift */ = {isa = PBXFileReference; lastKnownFileType = sourcecode.swift; path = ListingContract.swift; sourceTree = "<group>"; };
		C0DA84D61FA00D10006BE949 /* Listing+CoreDataClass.swift */ = {isa = PBXFileReference; lastKnownFileType = sourcecode.swift; path = "Listing+CoreDataClass.swift"; sourceTree = "<group>"; };
		C0DA84D71FA00D10006BE949 /* Listing+CoreDataProperties.swift */ = {isa = PBXFileReference; lastKnownFileType = sourcecode.swift; path = "Listing+CoreDataProperties.swift"; sourceTree = "<group>"; };
		C0DA84DB1FA01769006BE949 /* ListingTypeEnum.swift */ = {isa = PBXFileReference; lastKnownFileType = sourcecode.swift; path = ListingTypeEnum.swift; sourceTree = "<group>"; };
		C0ED1F9B1FB2AC1900580C1E /* DetailViewController.swift */ = {isa = PBXFileReference; lastKnownFileType = sourcecode.swift; path = DetailViewController.swift; sourceTree = "<group>"; };
		C0ED1F9D1FB3F0DB00580C1E /* Date+Extensions.swift */ = {isa = PBXFileReference; lastKnownFileType = sourcecode.swift; path = "Date+Extensions.swift"; sourceTree = "<group>"; };
		E24D1E61FEBD271FBA772ED4 /* Pods-Minimal.debug.xcconfig */ = {isa = PBXFileReference; includeInIndex = 1; lastKnownFileType = text.xcconfig; name = "Pods-Minimal.debug.xcconfig"; path = "Pods/Target Support Files/Pods-Minimal/Pods-Minimal.debug.xcconfig"; sourceTree = "<group>"; };
		F61CBBD01DF4E0DDD853B07D /* Pods_Minimal.framework */ = {isa = PBXFileReference; explicitFileType = wrapper.framework; includeInIndex = 0; path = Pods_Minimal.framework; sourceTree = BUILT_PRODUCTS_DIR; };
/* End PBXFileReference section */

/* Begin PBXFrameworksBuildPhase section */
		C0A3856F1F9E54AF005064DF /* Frameworks */ = {
			isa = PBXFrameworksBuildPhase;
			buildActionMask = 2147483647;
			files = (
				4EB09F33097B2134019A918D /* Pods_Minimal.framework in Frameworks */,
			);
			runOnlyForDeploymentPostprocessing = 0;
		};
/* End PBXFrameworksBuildPhase section */

/* Begin PBXGroup section */
		5F52AD4E0753BB7BB3796F51 /* Frameworks */ = {
			isa = PBXGroup;
			children = (
				F61CBBD01DF4E0DDD853B07D /* Pods_Minimal.framework */,
			);
			name = Frameworks;
			sourceTree = "<group>";
		};
		C03F92231FA049AE009EEEF3 /* Manager */ = {
			isa = PBXGroup;
			children = (
				C03F92241FA049BE009EEEF3 /* CoreDataManager.swift */,
			);
			path = Manager;
			sourceTree = "<group>";
		};
		C0A385691F9E54AF005064DF = {
			isa = PBXGroup;
			children = (
				C0A385741F9E54AF005064DF /* Minimal */,
				C0A385731F9E54AF005064DF /* Products */,
				F5C3049FE95056FF784690EE /* Pods */,
				5F52AD4E0753BB7BB3796F51 /* Frameworks */,
			);
			sourceTree = "<group>";
		};
		C0A385731F9E54AF005064DF /* Products */ = {
			isa = PBXGroup;
			children = (
				C0A385721F9E54AF005064DF /* Minimal.app */,
			);
			name = Products;
			sourceTree = "<group>";
		};
		C0A385741F9E54AF005064DF /* Minimal */ = {
			isa = PBXGroup;
			children = (
				C0DA84DA1FA01030006BE949 /* Shared */,
				C0A385751F9E54AF005064DF /* AppDelegate.swift */,
				C0A3858E1F9E5718005064DF /* Root.storyboard */,
				C0A3859A1F9E9521005064DF /* Login */,
				C0A385991F9E919B005064DF /* Core Data */,
				C0A3858C1F9E56A2005064DF /* Main */,
				C0A3858B1F9E5691005064DF /* Search */,
				C0A3858D1F9E56B0005064DF /* Settings */,
				C0A3858A1F9E5625005064DF /* Subscribed */,
				C0A3859F1F9EA1B9005064DF /* Network */,
				C0A385981F9E913F005064DF /* Resources */,
			);
			path = Minimal;
			sourceTree = "<group>";
		};
		C0A3858A1F9E5625005064DF /* Subscribed */ = {
			isa = PBXGroup;
			children = (
				C0A385901F9E58DA005064DF /* Subscribed.storyboard */,
			);
			path = Subscribed;
			sourceTree = "<group>";
		};
		C0A3858B1F9E5691005064DF /* Search */ = {
			isa = PBXGroup;
			children = (
				C0A385921F9E9089005064DF /* Search.storyboard */,
				C0897DA31FAAC75900801E08 /* SearchViewController.swift */,
				C0897DA51FAAC89700801E08 /* SearchCell.swift */,
			);
			path = Search;
			sourceTree = "<group>";
		};
		C0A3858C1F9E56A2005064DF /* Main */ = {
			isa = PBXGroup;
			children = (
				C0A385941F9E90DF005064DF /* Main.storyboard */,
				C0A3859B1F9E9796005064DF /* MainViewController.swift */,
				C0A3859D1F9E98AC005064DF /* MainCell.swift */,
				C03167BF1FB175A900E420D0 /* MainCollectionViewFlowLayout.swift */,
				C0ED1F9B1FB2AC1900580C1E /* DetailViewController.swift */,
			);
			path = Main;
			sourceTree = "<group>";
		};
		C0A3858D1F9E56B0005064DF /* Settings */ = {
			isa = PBXGroup;
			children = (
				C0A385961F9E9130005064DF /* Settings.storyboard */,
				C0A385771F9E54B0005064DF /* ViewController.swift */,
			);
			path = Settings;
			sourceTree = "<group>";
		};
		C0A385981F9E913F005064DF /* Resources */ = {
			isa = PBXGroup;
			children = (
				C0A385841F9E54B0005064DF /* Info.plist */,
				C0A3857F1F9E54B0005064DF /* Assets.xcassets */,
				C0A385811F9E54B0005064DF /* LaunchScreen.storyboard */,
			);
			path = Resources;
			sourceTree = "<group>";
		};
		C0A385991F9E919B005064DF /* Core Data */ = {
			isa = PBXGroup;
			children = (
				C03F92231FA049AE009EEEF3 /* Manager */,
				C0A3857C1F9E54B0005064DF /* Minimal.xcdatamodeld */,
				C0DA84D61FA00D10006BE949 /* Listing+CoreDataClass.swift */,
				C0DA84D71FA00D10006BE949 /* Listing+CoreDataProperties.swift */,
				C0DA84DB1FA01769006BE949 /* ListingTypeEnum.swift */,
			);
			path = "Core Data";
			sourceTree = "<group>";
		};
		C0A3859A1F9E9521005064DF /* Login */ = {
			isa = PBXGroup;
			children = (
			);
			path = Login;
			sourceTree = "<group>";
		};
		C0A3859F1F9EA1B9005064DF /* Network */ = {
			isa = PBXGroup;
			children = (
				C0A385A21F9F8834005064DF /* Data Contract */,
				C0A385A01F9EA1D9005064DF /* APIManager.swift */,
				C03F92211FA022B9009EEEF3 /* SyncManager.swift */,
			);
			path = Network;
			sourceTree = "<group>";
		};
		C0A385A21F9F8834005064DF /* Data Contract */ = {
			isa = PBXGroup;
			children = (
				C0A385A31F9F885E005064DF /* ListingContract.swift */,
			);
			path = "Data Contract";
			sourceTree = "<group>";
		};
		C0DA84DA1FA01030006BE949 /* Shared */ = {
			isa = PBXGroup;
			children = (
				C0ED1F9D1FB3F0DB00580C1E /* Date+Extensions.swift */,
				C03F92261FA11DE6009EEEF3 /* NSManagedObject+Extensions.swift */,
				C0110E151FB5671400410478 /* Notification+Extensions.swift */,
				C0897DA71FABB4FB00801E08 /* PlayerView.swift */,
				C03167BD1FB13DEC00E420D0 /* GradientView.swift */,
				C0110E131FB4DF5700410478 /* TypeName.swift */,
			);
			path = Shared;
			sourceTree = "<group>";
		};
		F5C3049FE95056FF784690EE /* Pods */ = {
			isa = PBXGroup;
			children = (
				E24D1E61FEBD271FBA772ED4 /* Pods-Minimal.debug.xcconfig */,
				6EE6E699A8CC366AF9CF9E08 /* Pods-Minimal.release.xcconfig */,
			);
			name = Pods;
			sourceTree = "<group>";
		};
/* End PBXGroup section */

/* Begin PBXNativeTarget section */
		C0A385711F9E54AF005064DF /* Minimal */ = {
			isa = PBXNativeTarget;
			buildConfigurationList = C0A385871F9E54B0005064DF /* Build configuration list for PBXNativeTarget "Minimal" */;
			buildPhases = (
				828580B289DBBA509F252B62 /* [CP] Check Pods Manifest.lock */,
				C0A3856E1F9E54AF005064DF /* Sources */,
				C0A3856F1F9E54AF005064DF /* Frameworks */,
				C0A385701F9E54AF005064DF /* Resources */,
				9BAE6D41A5F94D3473927681 /* [CP] Embed Pods Frameworks */,
				C0283CCC3BBC4DD260FA9B4F /* [CP] Copy Pods Resources */,
			);
			buildRules = (
			);
			dependencies = (
			);
			name = Minimal;
			productName = Minimal;
			productReference = C0A385721F9E54AF005064DF /* Minimal.app */;
			productType = "com.apple.product-type.application";
		};
/* End PBXNativeTarget section */

/* Begin PBXProject section */
		C0A3856A1F9E54AF005064DF /* Project object */ = {
			isa = PBXProject;
			attributes = {
				LastSwiftUpdateCheck = 0900;
				LastUpgradeCheck = 0900;
				ORGANIZATIONNAME = "Parker Kirby";
				TargetAttributes = {
					C0A385711F9E54AF005064DF = {
						CreatedOnToolsVersion = 9.0;
						ProvisioningStyle = Automatic;
					};
				};
			};
			buildConfigurationList = C0A3856D1F9E54AF005064DF /* Build configuration list for PBXProject "Minimal" */;
			compatibilityVersion = "Xcode 8.0";
			developmentRegion = en;
			hasScannedForEncodings = 0;
			knownRegions = (
				en,
				Base,
			);
			mainGroup = C0A385691F9E54AF005064DF;
			productRefGroup = C0A385731F9E54AF005064DF /* Products */;
			projectDirPath = "";
			projectRoot = "";
			targets = (
				C0A385711F9E54AF005064DF /* Minimal */,
			);
		};
/* End PBXProject section */

/* Begin PBXResourcesBuildPhase section */
		C0A385701F9E54AF005064DF /* Resources */ = {
			isa = PBXResourcesBuildPhase;
			buildActionMask = 2147483647;
			files = (
				C0A385831F9E54B0005064DF /* LaunchScreen.storyboard in Resources */,
				C0A385911F9E58DA005064DF /* Subscribed.storyboard in Resources */,
				C0A385801F9E54B0005064DF /* Assets.xcassets in Resources */,
				C0A385951F9E90DF005064DF /* Main.storyboard in Resources */,
				C0A3858F1F9E5718005064DF /* Root.storyboard in Resources */,
				C0A385931F9E9089005064DF /* Search.storyboard in Resources */,
				C0A385971F9E9130005064DF /* Settings.storyboard in Resources */,
			);
			runOnlyForDeploymentPostprocessing = 0;
		};
/* End PBXResourcesBuildPhase section */

/* Begin PBXShellScriptBuildPhase section */
		828580B289DBBA509F252B62 /* [CP] Check Pods Manifest.lock */ = {
			isa = PBXShellScriptBuildPhase;
			buildActionMask = 2147483647;
			files = (
			);
			inputPaths = (
				"${PODS_PODFILE_DIR_PATH}/Podfile.lock",
				"${PODS_ROOT}/Manifest.lock",
			);
			name = "[CP] Check Pods Manifest.lock";
			outputPaths = (
				"$(DERIVED_FILE_DIR)/Pods-Minimal-checkManifestLockResult.txt",
			);
			runOnlyForDeploymentPostprocessing = 0;
			shellPath = /bin/sh;
			shellScript = "diff \"${PODS_PODFILE_DIR_PATH}/Podfile.lock\" \"${PODS_ROOT}/Manifest.lock\" > /dev/null\nif [ $? != 0 ] ; then\n    # print error to STDERR\n    echo \"error: The sandbox is not in sync with the Podfile.lock. Run 'pod install' or update your CocoaPods installation.\" >&2\n    exit 1\nfi\n# This output is used by Xcode 'outputs' to avoid re-running this script phase.\necho \"SUCCESS\" > \"${SCRIPT_OUTPUT_FILE_0}\"\n";
			showEnvVarsInLog = 0;
		};
		9BAE6D41A5F94D3473927681 /* [CP] Embed Pods Frameworks */ = {
			isa = PBXShellScriptBuildPhase;
			buildActionMask = 2147483647;
			files = (
			);
			inputPaths = (
				"${SRCROOT}/Pods/Target Support Files/Pods-Minimal/Pods-Minimal-frameworks.sh",
				"${BUILT_PRODUCTS_DIR}/FLAnimatedImage/FLAnimatedImage.framework",
				"${BUILT_PRODUCTS_DIR}/SDWebImage/SDWebImage.framework",
			);
			name = "[CP] Embed Pods Frameworks";
			outputPaths = (
				"${TARGET_BUILD_DIR}/${FRAMEWORKS_FOLDER_PATH}/FLAnimatedImage.framework",
				"${TARGET_BUILD_DIR}/${FRAMEWORKS_FOLDER_PATH}/SDWebImage.framework",
			);
			runOnlyForDeploymentPostprocessing = 0;
			shellPath = /bin/sh;
			shellScript = "\"${SRCROOT}/Pods/Target Support Files/Pods-Minimal/Pods-Minimal-frameworks.sh\"\n";
			showEnvVarsInLog = 0;
		};
		C0283CCC3BBC4DD260FA9B4F /* [CP] Copy Pods Resources */ = {
			isa = PBXShellScriptBuildPhase;
			buildActionMask = 2147483647;
			files = (
			);
			inputPaths = (
			);
			name = "[CP] Copy Pods Resources";
			outputPaths = (
			);
			runOnlyForDeploymentPostprocessing = 0;
			shellPath = /bin/sh;
			shellScript = "\"${SRCROOT}/Pods/Target Support Files/Pods-Minimal/Pods-Minimal-resources.sh\"\n";
			showEnvVarsInLog = 0;
		};
/* End PBXShellScriptBuildPhase section */

/* Begin PBXSourcesBuildPhase section */
		C0A3856E1F9E54AF005064DF /* Sources */ = {
			isa = PBXSourcesBuildPhase;
			buildActionMask = 2147483647;
			files = (
				C0897DA41FAAC75900801E08 /* SearchViewController.swift in Sources */,
				C0897DA61FAAC89700801E08 /* SearchCell.swift in Sources */,
				C0110E141FB4DF5700410478 /* TypeName.swift in Sources */,
				C0ED1F9E1FB3F0DB00580C1E /* Date+Extensions.swift in Sources */,
				C0A385A11F9EA1D9005064DF /* APIManager.swift in Sources */,
				C0DA84DC1FA01769006BE949 /* ListingTypeEnum.swift in Sources */,
				C0110E161FB5671400410478 /* Notification+Extensions.swift in Sources */,
				C0897DA81FABB4FB00801E08 /* PlayerView.swift in Sources */,
				C0A3857E1F9E54B0005064DF /* Minimal.xcdatamodeld in Sources */,
				C03167C01FB175A900E420D0 /* MainCollectionViewFlowLayout.swift in Sources */,
				C0ED1F9C1FB2AC1900580C1E /* DetailViewController.swift in Sources */,
				C0A385781F9E54B0005064DF /* ViewController.swift in Sources */,
				C0A3859E1F9E98AC005064DF /* MainCell.swift in Sources */,
				C03167BE1FB13DEC00E420D0 /* GradientView.swift in Sources */,
				C03F92221FA022B9009EEEF3 /* SyncManager.swift in Sources */,
				C03F92251FA049BE009EEEF3 /* CoreDataManager.swift in Sources */,
				C0DA84D91FA00D10006BE949 /* Listing+CoreDataProperties.swift in Sources */,
				C0DA84D81FA00D10006BE949 /* Listing+CoreDataClass.swift in Sources */,
				C0A385A41F9F885E005064DF /* ListingContract.swift in Sources */,
				C0A385761F9E54AF005064DF /* AppDelegate.swift in Sources */,
				C0A3859C1F9E9796005064DF /* MainViewController.swift in Sources */,
				C03F92271FA11DE7009EEEF3 /* NSManagedObject+Extensions.swift in Sources */,
			);
			runOnlyForDeploymentPostprocessing = 0;
		};
/* End PBXSourcesBuildPhase section */

/* Begin PBXVariantGroup section */
		C0A385811F9E54B0005064DF /* LaunchScreen.storyboard */ = {
			isa = PBXVariantGroup;
			children = (
				C0A385821F9E54B0005064DF /* Base */,
			);
			name = LaunchScreen.storyboard;
			sourceTree = "<group>";
		};
/* End PBXVariantGroup section */

/* Begin XCBuildConfiguration section */
		C0A385851F9E54B0005064DF /* Debug */ = {
			isa = XCBuildConfiguration;
			buildSettings = {
				ALWAYS_SEARCH_USER_PATHS = NO;
				CLANG_ANALYZER_NONNULL = YES;
				CLANG_ANALYZER_NUMBER_OBJECT_CONVERSION = YES_AGGRESSIVE;
				CLANG_CXX_LANGUAGE_STANDARD = "gnu++14";
				CLANG_CXX_LIBRARY = "libc++";
				CLANG_ENABLE_MODULES = YES;
				CLANG_ENABLE_OBJC_ARC = YES;
				CLANG_WARN_BLOCK_CAPTURE_AUTORELEASING = YES;
				CLANG_WARN_BOOL_CONVERSION = YES;
				CLANG_WARN_COMMA = YES;
				CLANG_WARN_CONSTANT_CONVERSION = YES;
				CLANG_WARN_DIRECT_OBJC_ISA_USAGE = YES_ERROR;
				CLANG_WARN_DOCUMENTATION_COMMENTS = YES;
				CLANG_WARN_EMPTY_BODY = YES;
				CLANG_WARN_ENUM_CONVERSION = YES;
				CLANG_WARN_INFINITE_RECURSION = YES;
				CLANG_WARN_INT_CONVERSION = YES;
				CLANG_WARN_NON_LITERAL_NULL_CONVERSION = YES;
				CLANG_WARN_OBJC_LITERAL_CONVERSION = YES;
				CLANG_WARN_OBJC_ROOT_CLASS = YES_ERROR;
				CLANG_WARN_RANGE_LOOP_ANALYSIS = YES;
				CLANG_WARN_STRICT_PROTOTYPES = YES;
				CLANG_WARN_SUSPICIOUS_MOVE = YES;
				CLANG_WARN_UNGUARDED_AVAILABILITY = YES_AGGRESSIVE;
				CLANG_WARN_UNREACHABLE_CODE = YES;
				CLANG_WARN__DUPLICATE_METHOD_MATCH = YES;
				CODE_SIGN_IDENTITY = "iPhone Developer";
				COPY_PHASE_STRIP = NO;
				DEBUG_INFORMATION_FORMAT = dwarf;
				ENABLE_STRICT_OBJC_MSGSEND = YES;
				ENABLE_TESTABILITY = YES;
				GCC_C_LANGUAGE_STANDARD = gnu11;
				GCC_DYNAMIC_NO_PIC = NO;
				GCC_NO_COMMON_BLOCKS = YES;
				GCC_OPTIMIZATION_LEVEL = 0;
				GCC_PREPROCESSOR_DEFINITIONS = (
					"DEBUG=1",
					"$(inherited)",
				);
				GCC_WARN_64_TO_32_BIT_CONVERSION = YES;
				GCC_WARN_ABOUT_RETURN_TYPE = YES_ERROR;
				GCC_WARN_UNDECLARED_SELECTOR = YES;
				GCC_WARN_UNINITIALIZED_AUTOS = YES_AGGRESSIVE;
				GCC_WARN_UNUSED_FUNCTION = YES;
				GCC_WARN_UNUSED_VARIABLE = YES;
				IPHONEOS_DEPLOYMENT_TARGET = 11.0;
				MTL_ENABLE_DEBUG_INFO = YES;
				ONLY_ACTIVE_ARCH = YES;
				SDKROOT = iphoneos;
				SWIFT_ACTIVE_COMPILATION_CONDITIONS = DEBUG;
				SWIFT_OPTIMIZATION_LEVEL = "-Onone";
			};
			name = Debug;
		};
		C0A385861F9E54B0005064DF /* Release */ = {
			isa = XCBuildConfiguration;
			buildSettings = {
				ALWAYS_SEARCH_USER_PATHS = NO;
				CLANG_ANALYZER_NONNULL = YES;
				CLANG_ANALYZER_NUMBER_OBJECT_CONVERSION = YES_AGGRESSIVE;
				CLANG_CXX_LANGUAGE_STANDARD = "gnu++14";
				CLANG_CXX_LIBRARY = "libc++";
				CLANG_ENABLE_MODULES = YES;
				CLANG_ENABLE_OBJC_ARC = YES;
				CLANG_WARN_BLOCK_CAPTURE_AUTORELEASING = YES;
				CLANG_WARN_BOOL_CONVERSION = YES;
				CLANG_WARN_COMMA = YES;
				CLANG_WARN_CONSTANT_CONVERSION = YES;
				CLANG_WARN_DIRECT_OBJC_ISA_USAGE = YES_ERROR;
				CLANG_WARN_DOCUMENTATION_COMMENTS = YES;
				CLANG_WARN_EMPTY_BODY = YES;
				CLANG_WARN_ENUM_CONVERSION = YES;
				CLANG_WARN_INFINITE_RECURSION = YES;
				CLANG_WARN_INT_CONVERSION = YES;
				CLANG_WARN_NON_LITERAL_NULL_CONVERSION = YES;
				CLANG_WARN_OBJC_LITERAL_CONVERSION = YES;
				CLANG_WARN_OBJC_ROOT_CLASS = YES_ERROR;
				CLANG_WARN_RANGE_LOOP_ANALYSIS = YES;
				CLANG_WARN_STRICT_PROTOTYPES = YES;
				CLANG_WARN_SUSPICIOUS_MOVE = YES;
				CLANG_WARN_UNGUARDED_AVAILABILITY = YES_AGGRESSIVE;
				CLANG_WARN_UNREACHABLE_CODE = YES;
				CLANG_WARN__DUPLICATE_METHOD_MATCH = YES;
				CODE_SIGN_IDENTITY = "iPhone Developer";
				COPY_PHASE_STRIP = NO;
				DEBUG_INFORMATION_FORMAT = "dwarf-with-dsym";
				ENABLE_NS_ASSERTIONS = NO;
				ENABLE_STRICT_OBJC_MSGSEND = YES;
				GCC_C_LANGUAGE_STANDARD = gnu11;
				GCC_NO_COMMON_BLOCKS = YES;
				GCC_WARN_64_TO_32_BIT_CONVERSION = YES;
				GCC_WARN_ABOUT_RETURN_TYPE = YES_ERROR;
				GCC_WARN_UNDECLARED_SELECTOR = YES;
				GCC_WARN_UNINITIALIZED_AUTOS = YES_AGGRESSIVE;
				GCC_WARN_UNUSED_FUNCTION = YES;
				GCC_WARN_UNUSED_VARIABLE = YES;
				IPHONEOS_DEPLOYMENT_TARGET = 11.0;
				MTL_ENABLE_DEBUG_INFO = NO;
				SDKROOT = iphoneos;
				SWIFT_OPTIMIZATION_LEVEL = "-Owholemodule";
				VALIDATE_PRODUCT = YES;
			};
			name = Release;
		};
		C0A385881F9E54B0005064DF /* Debug */ = {
			isa = XCBuildConfiguration;
			baseConfigurationReference = E24D1E61FEBD271FBA772ED4 /* Pods-Minimal.debug.xcconfig */;
			buildSettings = {
				ASSETCATALOG_COMPILER_APPICON_NAME = AppIcon;
				CODE_SIGN_STYLE = Automatic;
				DEVELOPMENT_TEAM = 5BJ626428V;
				INFOPLIST_FILE = "$(SRCROOT)/Minimal/Resources/Info.plist";
				LD_RUNPATH_SEARCH_PATHS = "$(inherited) @executable_path/Frameworks";
				PRODUCT_BUNDLE_IDENTIFIER = com.parkerKirby.Minimal;
				PRODUCT_NAME = "$(TARGET_NAME)";
				SWIFT_VERSION = 4.0;
				TARGETED_DEVICE_FAMILY = "1,2";
			};
			name = Debug;
		};
		C0A385891F9E54B0005064DF /* Release */ = {
			isa = XCBuildConfiguration;
			baseConfigurationReference = 6EE6E699A8CC366AF9CF9E08 /* Pods-Minimal.release.xcconfig */;
			buildSettings = {
				ASSETCATALOG_COMPILER_APPICON_NAME = AppIcon;
				CODE_SIGN_STYLE = Automatic;
				DEVELOPMENT_TEAM = 5BJ626428V;
				INFOPLIST_FILE = "$(SRCROOT)/Minimal/Resources/Info.plist";
				LD_RUNPATH_SEARCH_PATHS = "$(inherited) @executable_path/Frameworks";
				PRODUCT_BUNDLE_IDENTIFIER = com.parkerKirby.Minimal;
				PRODUCT_NAME = "$(TARGET_NAME)";
				SWIFT_VERSION = 4.0;
				TARGETED_DEVICE_FAMILY = "1,2";
			};
			name = Release;
		};
/* End XCBuildConfiguration section */

/* Begin XCConfigurationList section */
		C0A3856D1F9E54AF005064DF /* Build configuration list for PBXProject "Minimal" */ = {
			isa = XCConfigurationList;
			buildConfigurations = (
				C0A385851F9E54B0005064DF /* Debug */,
				C0A385861F9E54B0005064DF /* Release */,
			);
			defaultConfigurationIsVisible = 0;
			defaultConfigurationName = Release;
		};
		C0A385871F9E54B0005064DF /* Build configuration list for PBXNativeTarget "Minimal" */ = {
			isa = XCConfigurationList;
			buildConfigurations = (
				C0A385881F9E54B0005064DF /* Debug */,
				C0A385891F9E54B0005064DF /* Release */,
			);
			defaultConfigurationIsVisible = 0;
			defaultConfigurationName = Release;
		};
/* End XCConfigurationList section */

/* Begin XCVersionGroup section */
		C0A3857C1F9E54B0005064DF /* Minimal.xcdatamodeld */ = {
			isa = XCVersionGroup;
			children = (
				C0A3857D1F9E54B0005064DF /* Minimal.xcdatamodel */,
			);
			currentVersion = C0A3857D1F9E54B0005064DF /* Minimal.xcdatamodel */;
			path = Minimal.xcdatamodeld;
			sourceTree = "<group>";
			versionGroupType = wrapper.xcdatamodel;
		};
/* End XCVersionGroup section */
	};
	rootObject = C0A3856A1F9E54AF005064DF /* Project object */;
}
