// !$*UTF8*$!
{
	archiveVersion = 1;
	classes = {
	};
	objectVersion = 48;
	objects = {

/* Begin PBXBuildFile section */
		4EB09F33097B2134019A918D /* Pods_Minimal.framework in Frameworks */ = {isa = PBXBuildFile; fileRef = F61CBBD01DF4E0DDD853B07D /* Pods_Minimal.framework */; };
		C002922720AD29BA00E489A6 /* Assets.xcassets in Resources */ = {isa = PBXBuildFile; fileRef = C002922620AD29BA00E489A6 /* Assets.xcassets */; };
		C003B9011FC6139800A2B089 /* ListingRouter.swift in Sources */ = {isa = PBXBuildFile; fileRef = C003B9001FC6139800A2B089 /* ListingRouter.swift */; };
		C008B1C2200F02A7005FC651 /* DisplayViewController.swift in Sources */ = {isa = PBXBuildFile; fileRef = C008B1C1200F02A7005FC651 /* DisplayViewController.swift */; };
		C008B1C620156574005FC651 /* UISearchBarExtensions.swift in Sources */ = {isa = PBXBuildFile; fileRef = C008B1C520156574005FC651 /* UISearchBarExtensions.swift */; };
		C00B140B2029509B0064D1AF /* SegmentedController.swift in Sources */ = {isa = PBXBuildFile; fileRef = C00B140A2029509B0064D1AF /* SegmentedController.swift */; };
		C00B140D202FA3010064D1AF /* SubscribedCell.swift in Sources */ = {isa = PBXBuildFile; fileRef = C00B140C202FA3010064D1AF /* SubscribedCell.swift */; };
		C0110E141FB4DF5700410478 /* TypeName.swift in Sources */ = {isa = PBXBuildFile; fileRef = C0110E131FB4DF5700410478 /* TypeName.swift */; };
		C0110E161FB5671400410478 /* NotificationExtensions.swift in Sources */ = {isa = PBXBuildFile; fileRef = C0110E151FB5671400410478 /* NotificationExtensions.swift */; };
		C011383E2067582000FBD5E7 /* SubscribedCell.xib in Resources */ = {isa = PBXBuildFile; fileRef = C011383D2067582000FBD5E7 /* SubscribedCell.xib */; };
		C01A6DBB206B39BD00CA50C2 /* MediaAnnotatedCell.swift in Sources */ = {isa = PBXBuildFile; fileRef = C01A6DBA206B39BD00CA50C2 /* MediaAnnotatedCell.swift */; };
		C01A6DBD206D972900CA50C2 /* StringExtensions.swift in Sources */ = {isa = PBXBuildFile; fileRef = C01A6DBC206D972900CA50C2 /* StringExtensions.swift */; };
		C01B23051FD09DBE001F60B8 /* ImageViewController.swift in Sources */ = {isa = PBXBuildFile; fileRef = C01B23041FD09DBE001F60B8 /* ImageViewController.swift */; };
		C020F9842016DA3700A3E43A /* SubredditContract.swift in Sources */ = {isa = PBXBuildFile; fileRef = C020F9832016DA3700A3E43A /* SubredditContract.swift */; };
		C020F9862016E0DD00A3E43A /* SearchSubredditManager.swift in Sources */ = {isa = PBXBuildFile; fileRef = C020F9852016E0DD00A3E43A /* SearchSubredditManager.swift */; };
		C020F9882016E43000A3E43A /* SubredditRouter.swift in Sources */ = {isa = PBXBuildFile; fileRef = C020F9872016E43000A3E43A /* SubredditRouter.swift */; };
		C022E7F82069CB45002277B4 /* DefaultSubredditsViewController.swift in Sources */ = {isa = PBXBuildFile; fileRef = C022E7F72069CB45002277B4 /* DefaultSubredditsViewController.swift */; };
		C022E7FA2069D293002277B4 /* SubscribedHeaderView.xib in Resources */ = {isa = PBXBuildFile; fileRef = C022E7F92069D293002277B4 /* SubscribedHeaderView.xib */; };
		C022E7FC2069D2A4002277B4 /* SubscribedHeaderView.swift in Sources */ = {isa = PBXBuildFile; fileRef = C022E7FB2069D2A4002277B4 /* SubscribedHeaderView.swift */; };
		C0235EF52065E8AC0084D3C5 /* SubscribedViewController.swift in Sources */ = {isa = PBXBuildFile; fileRef = C0235EF42065E8AC0084D3C5 /* SubscribedViewController.swift */; };
		C02E49941FDA59C40030347D /* ListingManager.swift in Sources */ = {isa = PBXBuildFile; fileRef = C02E49931FDA59C40030347D /* ListingManager.swift */; };
		C03167C01FB175A900E420D0 /* MainCollectionViewFlowLayout.swift in Sources */ = {isa = PBXBuildFile; fileRef = C03167BF1FB175A900E420D0 /* MainCollectionViewFlowLayout.swift */; };
		C03EC9EC1FC8CCEC00ACA0F5 /* ThemeManager.swift in Sources */ = {isa = PBXBuildFile; fileRef = C03EC9EB1FC8CCEC00ACA0F5 /* ThemeManager.swift */; };
		C03F92251FA049BE009EEEF3 /* DatabaseEngine.swift in Sources */ = {isa = PBXBuildFile; fileRef = C03F92241FA049BE009EEEF3 /* DatabaseEngine.swift */; };
		C03F92271FA11DE7009EEEF3 /* NSManagedObjectExtensions.swift in Sources */ = {isa = PBXBuildFile; fileRef = C03F92261FA11DE6009EEEF3 /* NSManagedObjectExtensions.swift */; };
		C04AED072040CDD400554C5E /* POSLogger.swift in Sources */ = {isa = PBXBuildFile; fileRef = C04AED062040CDD400554C5E /* POSLogger.swift */; };
		C050C34C200173CB00863B52 /* UILabelExtensions.swift in Sources */ = {isa = PBXBuildFile; fileRef = C050C34B200173CB00863B52 /* UILabelExtensions.swift */; };
		C055A0AE204CBAF700D09405 /* UIImageViewExtensions.swift in Sources */ = {isa = PBXBuildFile; fileRef = C055A0AD204CBAF700D09405 /* UIImageViewExtensions.swift */; };
		C06E18631FFC6B1300AB4F3A /* UITabBarExtensions.swift in Sources */ = {isa = PBXBuildFile; fileRef = C06E18621FFC6B1300AB4F3A /* UITabBarExtensions.swift */; };
		C06E18651FFD381800AB4F3A /* FontViewController.swift in Sources */ = {isa = PBXBuildFile; fileRef = C06E18641FFD381800AB4F3A /* FontViewController.swift */; };
		C07A81DC20802CA80075164E /* ImageProcessor.swift in Sources */ = {isa = PBXBuildFile; fileRef = C07A81DB20802CA80075164E /* ImageProcessor.swift */; };
		C07FAE072054C6230049E9F0 /* Defaults.swift in Sources */ = {isa = PBXBuildFile; fileRef = C07FAE062054C6230049E9F0 /* Defaults.swift */; };
		C07FAE092058B0C30049E9F0 /* SubscribedManager.swift in Sources */ = {isa = PBXBuildFile; fileRef = C07FAE082058B0C30049E9F0 /* SubscribedManager.swift */; };
		C07FAE0D205C7E690049E9F0 /* AuthorizationContract.swift in Sources */ = {isa = PBXBuildFile; fileRef = C07FAE0C205C7E690049E9F0 /* AuthorizationContract.swift */; };
		C07FAE0F205C820D0049E9F0 /* AuthorizationRouter.swift in Sources */ = {isa = PBXBuildFile; fileRef = C07FAE0E205C820D0049E9F0 /* AuthorizationRouter.swift */; };
		C07FAE11205C96C40049E9F0 /* RequestAuthorization.swift in Sources */ = {isa = PBXBuildFile; fileRef = C07FAE10205C96C40049E9F0 /* RequestAuthorization.swift */; };
		C0897DA41FAAC75900801E08 /* SearchViewController.swift in Sources */ = {isa = PBXBuildFile; fileRef = C0897DA31FAAC75900801E08 /* SearchViewController.swift */; };
		C0897DA61FAAC89700801E08 /* SearchCell.swift in Sources */ = {isa = PBXBuildFile; fileRef = C0897DA51FAAC89700801E08 /* SearchCell.swift */; };
		C0897DA81FABB4FB00801E08 /* PlayerView.swift in Sources */ = {isa = PBXBuildFile; fileRef = C0897DA71FABB4FB00801E08 /* PlayerView.swift */; };
		C08D623F1FD4DC5D00794B2A /* LabelBaseCell.swift in Sources */ = {isa = PBXBuildFile; fileRef = C08D623E1FD4DC5D00794B2A /* LabelBaseCell.swift */; };
		C08D62411FD4E39200794B2A /* AuthenticateCell.swift in Sources */ = {isa = PBXBuildFile; fileRef = C08D62401FD4E39200794B2A /* AuthenticateCell.swift */; };
		C08D62431FD617DD00794B2A /* UITableViewCellExtensions.swift in Sources */ = {isa = PBXBuildFile; fileRef = C08D62421FD617DD00794B2A /* UITableViewCellExtensions.swift */; };
		C096E53A20A53FEF0061442D /* MainModel.swift in Sources */ = {isa = PBXBuildFile; fileRef = C096E53920A53FEF0061442D /* MainModel.swift */; };
		C096E53C20AD1BFC0061442D /* ActionView.swift in Sources */ = {isa = PBXBuildFile; fileRef = C096E53B20AD1BFC0061442D /* ActionView.swift */; };
		C096E53E20AD1C0B0061442D /* ActionView.xib in Resources */ = {isa = PBXBuildFile; fileRef = C096E53D20AD1C0B0061442D /* ActionView.xib */; };
		C09E91EB201D515300EFB3F5 /* Routable.swift in Sources */ = {isa = PBXBuildFile; fileRef = C09E91EA201D515300EFB3F5 /* Routable.swift */; };
		C0A385761F9E54AF005064DF /* AppDelegate.swift in Sources */ = {isa = PBXBuildFile; fileRef = C0A385751F9E54AF005064DF /* AppDelegate.swift */; };
		C0A385781F9E54B0005064DF /* SettingsViewController.swift in Sources */ = {isa = PBXBuildFile; fileRef = C0A385771F9E54B0005064DF /* SettingsViewController.swift */; };
		C0A3857E1F9E54B0005064DF /* Minimal.xcdatamodeld in Sources */ = {isa = PBXBuildFile; fileRef = C0A3857C1F9E54B0005064DF /* Minimal.xcdatamodeld */; };
		C0A385831F9E54B0005064DF /* LaunchScreen.storyboard in Resources */ = {isa = PBXBuildFile; fileRef = C0A385811F9E54B0005064DF /* LaunchScreen.storyboard */; };
		C0A3858F1F9E5718005064DF /* Root.storyboard in Resources */ = {isa = PBXBuildFile; fileRef = C0A3858E1F9E5718005064DF /* Root.storyboard */; };
		C0A385931F9E9089005064DF /* Search.storyboard in Resources */ = {isa = PBXBuildFile; fileRef = C0A385921F9E9089005064DF /* Search.storyboard */; };
		C0A385951F9E90DF005064DF /* Main.storyboard in Resources */ = {isa = PBXBuildFile; fileRef = C0A385941F9E90DF005064DF /* Main.storyboard */; };
		C0A385971F9E9130005064DF /* Settings.storyboard in Resources */ = {isa = PBXBuildFile; fileRef = C0A385961F9E9130005064DF /* Settings.storyboard */; };
		C0A3859C1F9E9796005064DF /* MainViewController.swift in Sources */ = {isa = PBXBuildFile; fileRef = C0A3859B1F9E9796005064DF /* MainViewController.swift */; };
		C0A3859E1F9E98AC005064DF /* MediaCascadeCell.swift in Sources */ = {isa = PBXBuildFile; fileRef = C0A3859D1F9E98AC005064DF /* MediaCascadeCell.swift */; };
		C0A385A41F9F885E005064DF /* ListingContract.swift in Sources */ = {isa = PBXBuildFile; fileRef = C0A385A31F9F885E005064DF /* ListingContract.swift */; };
		C0A41B151FE6306F005A3F58 /* ThemeViewController.swift in Sources */ = {isa = PBXBuildFile; fileRef = C0A41B141FE6306F005A3F58 /* ThemeViewController.swift */; };
		C0A41B171FE741B5005A3F58 /* ThemeCell.swift in Sources */ = {isa = PBXBuildFile; fileRef = C0A41B161FE741B5005A3F58 /* ThemeCell.swift */; };
		C0C2AC46201842C000745869 /* Subreddit+CoreDataClass.swift in Sources */ = {isa = PBXBuildFile; fileRef = C0C2AC44201842C000745869 /* Subreddit+CoreDataClass.swift */; };
		C0C2AC47201842C000745869 /* Subreddit+CoreDataProperties.swift in Sources */ = {isa = PBXBuildFile; fileRef = C0C2AC45201842C000745869 /* Subreddit+CoreDataProperties.swift */; };
		C0D584591FB75297002BCFA9 /* UIViewControllerExtensions.swift in Sources */ = {isa = PBXBuildFile; fileRef = C0D584581FB75297002BCFA9 /* UIViewControllerExtensions.swift */; };
		C0DA84D81FA00D10006BE949 /* Listing+CoreDataClass.swift in Sources */ = {isa = PBXBuildFile; fileRef = C0DA84D61FA00D10006BE949 /* Listing+CoreDataClass.swift */; };
		C0DA84D91FA00D10006BE949 /* Listing+CoreDataProperties.swift in Sources */ = {isa = PBXBuildFile; fileRef = C0DA84D71FA00D10006BE949 /* Listing+CoreDataProperties.swift */; };
		C0DA84DC1FA01769006BE949 /* ListingEnums.swift in Sources */ = {isa = PBXBuildFile; fileRef = C0DA84DB1FA01769006BE949 /* ListingEnums.swift */; };
		C0EC9B951FBFE3980073FF7A /* CommentsViewController.swift in Sources */ = {isa = PBXBuildFile; fileRef = C0EC9B941FBFE3980073FF7A /* CommentsViewController.swift */; };
		C0EC9B971FC0A1750073FF7A /* HiddenNavBarNavigationController.swift in Sources */ = {isa = PBXBuildFile; fileRef = C0EC9B961FC0A1750073FF7A /* HiddenNavBarNavigationController.swift */; };
		C0EC9B991FC0EC780073FF7A /* AnnotationView.xib in Resources */ = {isa = PBXBuildFile; fileRef = C0EC9B981FC0EC780073FF7A /* AnnotationView.xib */; };
		C0EC9B9B1FC0ED9A0073FF7A /* AnnotationView.swift in Sources */ = {isa = PBXBuildFile; fileRef = C0EC9B9A1FC0ED9A0073FF7A /* AnnotationView.swift */; };
		C0EC9B9D1FC112B90073FF7A /* HeaderCell.swift in Sources */ = {isa = PBXBuildFile; fileRef = C0EC9B9C1FC112B90073FF7A /* HeaderCell.swift */; };
		C0EC9BA11FC237AA0073FF7A /* PresentationView.xib in Resources */ = {isa = PBXBuildFile; fileRef = C0EC9BA01FC237AA0073FF7A /* PresentationView.xib */; };
		C0EC9BA31FC237BE0073FF7A /* PresentationView.swift in Sources */ = {isa = PBXBuildFile; fileRef = C0EC9BA21FC237BE0073FF7A /* PresentationView.swift */; };
		C0EC9BA51FC25A760073FF7A /* UIViewExtension.swift in Sources */ = {isa = PBXBuildFile; fileRef = C0EC9BA41FC25A760073FF7A /* UIViewExtension.swift */; };
		C0ED1F9C1FB2AC1900580C1E /* DetailViewController.swift in Sources */ = {isa = PBXBuildFile; fileRef = C0ED1F9B1FB2AC1900580C1E /* DetailViewController.swift */; };
		C0ED1F9E1FB3F0DB00580C1E /* DateExtensions.swift in Sources */ = {isa = PBXBuildFile; fileRef = C0ED1F9D1FB3F0DB00580C1E /* DateExtensions.swift */; };
		C0EDC88E1FD78219009C0D39 /* User+CoreDataClass.swift in Sources */ = {isa = PBXBuildFile; fileRef = C0EDC88C1FD78219009C0D39 /* User+CoreDataClass.swift */; };
		C0EDC88F1FD78219009C0D39 /* User+CoreDataProperties.swift in Sources */ = {isa = PBXBuildFile; fileRef = C0EDC88D1FD78219009C0D39 /* User+CoreDataProperties.swift */; };
		C0EDC8911FDA4352009C0D39 /* NetworkManager.swift in Sources */ = {isa = PBXBuildFile; fileRef = C0EDC8901FDA4352009C0D39 /* NetworkManager.swift */; };
/* End PBXBuildFile section */

/* Begin PBXFileReference section */
		6EE6E699A8CC366AF9CF9E08 /* Pods-Minimal.release.xcconfig */ = {isa = PBXFileReference; includeInIndex = 1; lastKnownFileType = text.xcconfig; name = "Pods-Minimal.release.xcconfig"; path = "Pods/Target Support Files/Pods-Minimal/Pods-Minimal.release.xcconfig"; sourceTree = "<group>"; };
		C002922620AD29BA00E489A6 /* Assets.xcassets */ = {isa = PBXFileReference; lastKnownFileType = folder.assetcatalog; path = Assets.xcassets; sourceTree = "<group>"; };
		C003B9001FC6139800A2B089 /* ListingRouter.swift */ = {isa = PBXFileReference; lastKnownFileType = sourcecode.swift; path = ListingRouter.swift; sourceTree = "<group>"; };
		C008B1C1200F02A7005FC651 /* DisplayViewController.swift */ = {isa = PBXFileReference; lastKnownFileType = sourcecode.swift; path = DisplayViewController.swift; sourceTree = "<group>"; };
		C008B1C520156574005FC651 /* UISearchBarExtensions.swift */ = {isa = PBXFileReference; lastKnownFileType = sourcecode.swift; path = UISearchBarExtensions.swift; sourceTree = "<group>"; };
		C00B140A2029509B0064D1AF /* SegmentedController.swift */ = {isa = PBXFileReference; lastKnownFileType = sourcecode.swift; path = SegmentedController.swift; sourceTree = "<group>"; };
		C00B140C202FA3010064D1AF /* SubscribedCell.swift */ = {isa = PBXFileReference; lastKnownFileType = sourcecode.swift; path = SubscribedCell.swift; sourceTree = "<group>"; };
		C0110E131FB4DF5700410478 /* TypeName.swift */ = {isa = PBXFileReference; lastKnownFileType = sourcecode.swift; path = TypeName.swift; sourceTree = "<group>"; };
		C0110E151FB5671400410478 /* NotificationExtensions.swift */ = {isa = PBXFileReference; lastKnownFileType = sourcecode.swift; path = NotificationExtensions.swift; sourceTree = "<group>"; };
		C011383D2067582000FBD5E7 /* SubscribedCell.xib */ = {isa = PBXFileReference; lastKnownFileType = file.xib; path = SubscribedCell.xib; sourceTree = "<group>"; };
		C01A6DBA206B39BD00CA50C2 /* MediaAnnotatedCell.swift */ = {isa = PBXFileReference; lastKnownFileType = sourcecode.swift; path = MediaAnnotatedCell.swift; sourceTree = "<group>"; };
		C01A6DBC206D972900CA50C2 /* StringExtensions.swift */ = {isa = PBXFileReference; lastKnownFileType = sourcecode.swift; path = StringExtensions.swift; sourceTree = "<group>"; };
		C01B23041FD09DBE001F60B8 /* ImageViewController.swift */ = {isa = PBXFileReference; lastKnownFileType = sourcecode.swift; path = ImageViewController.swift; sourceTree = "<group>"; };
		C020F9832016DA3700A3E43A /* SubredditContract.swift */ = {isa = PBXFileReference; lastKnownFileType = sourcecode.swift; path = SubredditContract.swift; sourceTree = "<group>"; };
		C020F9852016E0DD00A3E43A /* SearchSubredditManager.swift */ = {isa = PBXFileReference; lastKnownFileType = sourcecode.swift; path = SearchSubredditManager.swift; sourceTree = "<group>"; };
		C020F9872016E43000A3E43A /* SubredditRouter.swift */ = {isa = PBXFileReference; lastKnownFileType = sourcecode.swift; path = SubredditRouter.swift; sourceTree = "<group>"; };
		C022E7F72069CB45002277B4 /* DefaultSubredditsViewController.swift */ = {isa = PBXFileReference; lastKnownFileType = sourcecode.swift; path = DefaultSubredditsViewController.swift; sourceTree = "<group>"; };
		C022E7F92069D293002277B4 /* SubscribedHeaderView.xib */ = {isa = PBXFileReference; lastKnownFileType = file.xib; path = SubscribedHeaderView.xib; sourceTree = "<group>"; };
		C022E7FB2069D2A4002277B4 /* SubscribedHeaderView.swift */ = {isa = PBXFileReference; lastKnownFileType = sourcecode.swift; path = SubscribedHeaderView.swift; sourceTree = "<group>"; };
		C0235EF42065E8AC0084D3C5 /* SubscribedViewController.swift */ = {isa = PBXFileReference; lastKnownFileType = sourcecode.swift; path = SubscribedViewController.swift; sourceTree = "<group>"; };
		C02E49931FDA59C40030347D /* ListingManager.swift */ = {isa = PBXFileReference; lastKnownFileType = sourcecode.swift; path = ListingManager.swift; sourceTree = "<group>"; };
		C03167BF1FB175A900E420D0 /* MainCollectionViewFlowLayout.swift */ = {isa = PBXFileReference; lastKnownFileType = sourcecode.swift; path = MainCollectionViewFlowLayout.swift; sourceTree = "<group>"; };
		C03EC9EB1FC8CCEC00ACA0F5 /* ThemeManager.swift */ = {isa = PBXFileReference; lastKnownFileType = sourcecode.swift; path = ThemeManager.swift; sourceTree = "<group>"; };
		C03F92241FA049BE009EEEF3 /* DatabaseEngine.swift */ = {isa = PBXFileReference; lastKnownFileType = sourcecode.swift; path = DatabaseEngine.swift; sourceTree = "<group>"; };
		C03F92261FA11DE6009EEEF3 /* NSManagedObjectExtensions.swift */ = {isa = PBXFileReference; lastKnownFileType = sourcecode.swift; path = NSManagedObjectExtensions.swift; sourceTree = "<group>"; };
		C04AED062040CDD400554C5E /* POSLogger.swift */ = {isa = PBXFileReference; lastKnownFileType = sourcecode.swift; path = POSLogger.swift; sourceTree = "<group>"; };
		C050C34B200173CB00863B52 /* UILabelExtensions.swift */ = {isa = PBXFileReference; lastKnownFileType = sourcecode.swift; path = UILabelExtensions.swift; sourceTree = "<group>"; };
		C055A0AD204CBAF700D09405 /* UIImageViewExtensions.swift */ = {isa = PBXFileReference; lastKnownFileType = sourcecode.swift; path = UIImageViewExtensions.swift; sourceTree = "<group>"; };
		C06E18621FFC6B1300AB4F3A /* UITabBarExtensions.swift */ = {isa = PBXFileReference; lastKnownFileType = sourcecode.swift; path = UITabBarExtensions.swift; sourceTree = "<group>"; };
		C06E18641FFD381800AB4F3A /* FontViewController.swift */ = {isa = PBXFileReference; lastKnownFileType = sourcecode.swift; path = FontViewController.swift; sourceTree = "<group>"; };
		C07A81DB20802CA80075164E /* ImageProcessor.swift */ = {isa = PBXFileReference; lastKnownFileType = sourcecode.swift; path = ImageProcessor.swift; sourceTree = "<group>"; };
		C07FAE062054C6230049E9F0 /* Defaults.swift */ = {isa = PBXFileReference; lastKnownFileType = sourcecode.swift; path = Defaults.swift; sourceTree = "<group>"; };
		C07FAE082058B0C30049E9F0 /* SubscribedManager.swift */ = {isa = PBXFileReference; lastKnownFileType = sourcecode.swift; path = SubscribedManager.swift; sourceTree = "<group>"; };
		C07FAE0C205C7E690049E9F0 /* AuthorizationContract.swift */ = {isa = PBXFileReference; lastKnownFileType = sourcecode.swift; path = AuthorizationContract.swift; sourceTree = "<group>"; };
		C07FAE0E205C820D0049E9F0 /* AuthorizationRouter.swift */ = {isa = PBXFileReference; lastKnownFileType = sourcecode.swift; path = AuthorizationRouter.swift; sourceTree = "<group>"; };
		C07FAE10205C96C40049E9F0 /* RequestAuthorization.swift */ = {isa = PBXFileReference; lastKnownFileType = sourcecode.swift; path = RequestAuthorization.swift; sourceTree = "<group>"; };
		C0897DA31FAAC75900801E08 /* SearchViewController.swift */ = {isa = PBXFileReference; lastKnownFileType = sourcecode.swift; path = SearchViewController.swift; sourceTree = "<group>"; };
		C0897DA51FAAC89700801E08 /* SearchCell.swift */ = {isa = PBXFileReference; lastKnownFileType = sourcecode.swift; path = SearchCell.swift; sourceTree = "<group>"; };
		C0897DA71FABB4FB00801E08 /* PlayerView.swift */ = {isa = PBXFileReference; lastKnownFileType = sourcecode.swift; path = PlayerView.swift; sourceTree = "<group>"; };
		C08D623E1FD4DC5D00794B2A /* LabelBaseCell.swift */ = {isa = PBXFileReference; lastKnownFileType = sourcecode.swift; name = LabelBaseCell.swift; path = Minimal/Shared/LabelBaseCell.swift; sourceTree = SOURCE_ROOT; };
		C08D62401FD4E39200794B2A /* AuthenticateCell.swift */ = {isa = PBXFileReference; lastKnownFileType = sourcecode.swift; path = AuthenticateCell.swift; sourceTree = "<group>"; };
		C08D62421FD617DD00794B2A /* UITableViewCellExtensions.swift */ = {isa = PBXFileReference; lastKnownFileType = sourcecode.swift; path = UITableViewCellExtensions.swift; sourceTree = "<group>"; };
		C096E53920A53FEF0061442D /* MainModel.swift */ = {isa = PBXFileReference; lastKnownFileType = sourcecode.swift; path = MainModel.swift; sourceTree = "<group>"; };
		C096E53B20AD1BFC0061442D /* ActionView.swift */ = {isa = PBXFileReference; lastKnownFileType = sourcecode.swift; path = ActionView.swift; sourceTree = "<group>"; };
		C096E53D20AD1C0B0061442D /* ActionView.xib */ = {isa = PBXFileReference; lastKnownFileType = file.xib; path = ActionView.xib; sourceTree = "<group>"; };
		C09E91EA201D515300EFB3F5 /* Routable.swift */ = {isa = PBXFileReference; lastKnownFileType = sourcecode.swift; path = Routable.swift; sourceTree = "<group>"; };
		C0A385721F9E54AF005064DF /* Minimal.app */ = {isa = PBXFileReference; explicitFileType = wrapper.application; includeInIndex = 0; path = Minimal.app; sourceTree = BUILT_PRODUCTS_DIR; };
		C0A385751F9E54AF005064DF /* AppDelegate.swift */ = {isa = PBXFileReference; lastKnownFileType = sourcecode.swift; path = AppDelegate.swift; sourceTree = "<group>"; };
		C0A385771F9E54B0005064DF /* SettingsViewController.swift */ = {isa = PBXFileReference; lastKnownFileType = sourcecode.swift; path = SettingsViewController.swift; sourceTree = "<group>"; };
		C0A3857D1F9E54B0005064DF /* Minimal.xcdatamodel */ = {isa = PBXFileReference; lastKnownFileType = wrapper.xcdatamodel; path = Minimal.xcdatamodel; sourceTree = "<group>"; };
		C0A385821F9E54B0005064DF /* Base */ = {isa = PBXFileReference; lastKnownFileType = file.storyboard; name = Base; path = Base.lproj/LaunchScreen.storyboard; sourceTree = "<group>"; };
		C0A385841F9E54B0005064DF /* Info.plist */ = {isa = PBXFileReference; lastKnownFileType = text.plist.xml; path = Info.plist; sourceTree = "<group>"; };
		C0A3858E1F9E5718005064DF /* Root.storyboard */ = {isa = PBXFileReference; lastKnownFileType = file.storyboard; path = Root.storyboard; sourceTree = "<group>"; };
		C0A385921F9E9089005064DF /* Search.storyboard */ = {isa = PBXFileReference; fileEncoding = 4; lastKnownFileType = file.storyboard; path = Search.storyboard; sourceTree = "<group>"; };
		C0A385941F9E90DF005064DF /* Main.storyboard */ = {isa = PBXFileReference; fileEncoding = 4; lastKnownFileType = file.storyboard; path = Main.storyboard; sourceTree = "<group>"; };
		C0A385961F9E9130005064DF /* Settings.storyboard */ = {isa = PBXFileReference; fileEncoding = 4; lastKnownFileType = file.storyboard; path = Settings.storyboard; sourceTree = "<group>"; };
		C0A3859B1F9E9796005064DF /* MainViewController.swift */ = {isa = PBXFileReference; lastKnownFileType = sourcecode.swift; path = MainViewController.swift; sourceTree = "<group>"; };
		C0A3859D1F9E98AC005064DF /* MediaCascadeCell.swift */ = {isa = PBXFileReference; lastKnownFileType = sourcecode.swift; path = MediaCascadeCell.swift; sourceTree = "<group>"; };
		C0A385A31F9F885E005064DF /* ListingContract.swift */ = {isa = PBXFileReference; lastKnownFileType = sourcecode.swift; path = ListingContract.swift; sourceTree = "<group>"; };
		C0A41B141FE6306F005A3F58 /* ThemeViewController.swift */ = {isa = PBXFileReference; lastKnownFileType = sourcecode.swift; path = ThemeViewController.swift; sourceTree = "<group>"; };
		C0A41B161FE741B5005A3F58 /* ThemeCell.swift */ = {isa = PBXFileReference; lastKnownFileType = sourcecode.swift; path = ThemeCell.swift; sourceTree = "<group>"; };
		C0C2AC44201842C000745869 /* Subreddit+CoreDataClass.swift */ = {isa = PBXFileReference; lastKnownFileType = sourcecode.swift; path = "Subreddit+CoreDataClass.swift"; sourceTree = "<group>"; };
		C0C2AC45201842C000745869 /* Subreddit+CoreDataProperties.swift */ = {isa = PBXFileReference; lastKnownFileType = sourcecode.swift; path = "Subreddit+CoreDataProperties.swift"; sourceTree = "<group>"; };
		C0D584581FB75297002BCFA9 /* UIViewControllerExtensions.swift */ = {isa = PBXFileReference; lastKnownFileType = sourcecode.swift; path = UIViewControllerExtensions.swift; sourceTree = "<group>"; };
		C0DA84D61FA00D10006BE949 /* Listing+CoreDataClass.swift */ = {isa = PBXFileReference; lastKnownFileType = sourcecode.swift; path = "Listing+CoreDataClass.swift"; sourceTree = "<group>"; };
		C0DA84D71FA00D10006BE949 /* Listing+CoreDataProperties.swift */ = {isa = PBXFileReference; lastKnownFileType = sourcecode.swift; path = "Listing+CoreDataProperties.swift"; sourceTree = "<group>"; };
		C0DA84DB1FA01769006BE949 /* ListingEnums.swift */ = {isa = PBXFileReference; lastKnownFileType = sourcecode.swift; path = ListingEnums.swift; sourceTree = "<group>"; };
		C0EC9B941FBFE3980073FF7A /* CommentsViewController.swift */ = {isa = PBXFileReference; lastKnownFileType = sourcecode.swift; path = CommentsViewController.swift; sourceTree = "<group>"; };
		C0EC9B961FC0A1750073FF7A /* HiddenNavBarNavigationController.swift */ = {isa = PBXFileReference; lastKnownFileType = sourcecode.swift; path = HiddenNavBarNavigationController.swift; sourceTree = "<group>"; };
		C0EC9B981FC0EC780073FF7A /* AnnotationView.xib */ = {isa = PBXFileReference; lastKnownFileType = file.xib; path = AnnotationView.xib; sourceTree = "<group>"; };
		C0EC9B9A1FC0ED9A0073FF7A /* AnnotationView.swift */ = {isa = PBXFileReference; lastKnownFileType = sourcecode.swift; path = AnnotationView.swift; sourceTree = "<group>"; };
		C0EC9B9C1FC112B90073FF7A /* HeaderCell.swift */ = {isa = PBXFileReference; lastKnownFileType = sourcecode.swift; path = HeaderCell.swift; sourceTree = "<group>"; };
		C0EC9BA01FC237AA0073FF7A /* PresentationView.xib */ = {isa = PBXFileReference; lastKnownFileType = file.xib; path = PresentationView.xib; sourceTree = "<group>"; };
		C0EC9BA21FC237BE0073FF7A /* PresentationView.swift */ = {isa = PBXFileReference; lastKnownFileType = sourcecode.swift; path = PresentationView.swift; sourceTree = "<group>"; };
		C0EC9BA41FC25A760073FF7A /* UIViewExtension.swift */ = {isa = PBXFileReference; lastKnownFileType = sourcecode.swift; path = UIViewExtension.swift; sourceTree = "<group>"; };
		C0ED1F9B1FB2AC1900580C1E /* DetailViewController.swift */ = {isa = PBXFileReference; lastKnownFileType = sourcecode.swift; path = DetailViewController.swift; sourceTree = "<group>"; };
		C0ED1F9D1FB3F0DB00580C1E /* DateExtensions.swift */ = {isa = PBXFileReference; lastKnownFileType = sourcecode.swift; path = DateExtensions.swift; sourceTree = "<group>"; };
		C0EDC88C1FD78219009C0D39 /* User+CoreDataClass.swift */ = {isa = PBXFileReference; lastKnownFileType = sourcecode.swift; path = "User+CoreDataClass.swift"; sourceTree = "<group>"; };
		C0EDC88D1FD78219009C0D39 /* User+CoreDataProperties.swift */ = {isa = PBXFileReference; lastKnownFileType = sourcecode.swift; path = "User+CoreDataProperties.swift"; sourceTree = "<group>"; };
		C0EDC8901FDA4352009C0D39 /* NetworkManager.swift */ = {isa = PBXFileReference; fileEncoding = 4; lastKnownFileType = sourcecode.swift; path = NetworkManager.swift; sourceTree = "<group>"; };
		E24D1E61FEBD271FBA772ED4 /* Pods-Minimal.debug.xcconfig */ = {isa = PBXFileReference; includeInIndex = 1; lastKnownFileType = text.xcconfig; name = "Pods-Minimal.debug.xcconfig"; path = "Pods/Target Support Files/Pods-Minimal/Pods-Minimal.debug.xcconfig"; sourceTree = "<group>"; };
		F61CBBD01DF4E0DDD853B07D /* Pods_Minimal.framework */ = {isa = PBXFileReference; explicitFileType = wrapper.framework; includeInIndex = 0; path = Pods_Minimal.framework; sourceTree = BUILT_PRODUCTS_DIR; };
/* End PBXFileReference section */

/* Begin PBXFrameworksBuildPhase section */
		C0A3856F1F9E54AF005064DF /* Frameworks */ = {
			isa = PBXFrameworksBuildPhase;
			buildActionMask = 2147483647;
			files = (
				4EB09F33097B2134019A918D /* Pods_Minimal.framework in Frameworks */,
			);
			runOnlyForDeploymentPostprocessing = 0;
		};
/* End PBXFrameworksBuildPhase section */

/* Begin PBXGroup section */
		5F52AD4E0753BB7BB3796F51 /* Frameworks */ = {
			isa = PBXGroup;
			children = (
				F61CBBD01DF4E0DDD853B07D /* Pods_Minimal.framework */,
			);
			name = Frameworks;
			sourceTree = "<group>";
		};
		C003B8FF1FC6137700A2B089 /* Routers */ = {
			isa = PBXGroup;
			children = (
				C09E91EA201D515300EFB3F5 /* Routable.swift */,
				C003B9001FC6139800A2B089 /* ListingRouter.swift */,
				C020F9872016E43000A3E43A /* SubredditRouter.swift */,
				C07FAE0E205C820D0049E9F0 /* AuthorizationRouter.swift */,
			);
			path = Routers;
			sourceTree = "<group>";
		};
		C02E49921FDA59B40030347D /* Managers */ = {
			isa = PBXGroup;
			children = (
				C02E49931FDA59C40030347D /* ListingManager.swift */,
				C020F9852016E0DD00A3E43A /* SearchSubredditManager.swift */,
				C07FAE082058B0C30049E9F0 /* SubscribedManager.swift */,
				C07FAE10205C96C40049E9F0 /* RequestAuthorization.swift */,
			);
			path = Managers;
			sourceTree = "<group>";
		};
		C03F92231FA049AE009EEEF3 /* Manager */ = {
			isa = PBXGroup;
			children = (
				C03F92241FA049BE009EEEF3 /* DatabaseEngine.swift */,
			);
			path = Manager;
			sourceTree = "<group>";
		};
		C08D623D1FD4DADC00794B2A /* Views */ = {
			isa = PBXGroup;
			children = (
				C08D623E1FD4DC5D00794B2A /* LabelBaseCell.swift */,
				C0897DA71FABB4FB00801E08 /* PlayerView.swift */,
				C0EC9BA21FC237BE0073FF7A /* PresentationView.swift */,
				C0EC9BA01FC237AA0073FF7A /* PresentationView.xib */,
				C0EC9B9A1FC0ED9A0073FF7A /* AnnotationView.swift */,
				C0EC9B981FC0EC780073FF7A /* AnnotationView.xib */,
				C00B140C202FA3010064D1AF /* SubscribedCell.swift */,
				C011383D2067582000FBD5E7 /* SubscribedCell.xib */,
				C022E7FB2069D2A4002277B4 /* SubscribedHeaderView.swift */,
				C022E7F92069D293002277B4 /* SubscribedHeaderView.xib */,
				C096E53B20AD1BFC0061442D /* ActionView.swift */,
				C096E53D20AD1C0B0061442D /* ActionView.xib */,
			);
			path = Views;
			sourceTree = "<group>";
		};
		C097F1A81FBBF8F200706F89 /* Extensions */ = {
			isa = PBXGroup;
			children = (
				C0ED1F9D1FB3F0DB00580C1E /* DateExtensions.swift */,
				C0110E151FB5671400410478 /* NotificationExtensions.swift */,
				C03F92261FA11DE6009EEEF3 /* NSManagedObjectExtensions.swift */,
				C050C34B200173CB00863B52 /* UILabelExtensions.swift */,
				C055A0AD204CBAF700D09405 /* UIImageViewExtensions.swift */,
				C06E18621FFC6B1300AB4F3A /* UITabBarExtensions.swift */,
				C08D62421FD617DD00794B2A /* UITableViewCellExtensions.swift */,
				C0D584581FB75297002BCFA9 /* UIViewControllerExtensions.swift */,
				C0EC9BA41FC25A760073FF7A /* UIViewExtension.swift */,
				C008B1C520156574005FC651 /* UISearchBarExtensions.swift */,
				C01A6DBC206D972900CA50C2 /* StringExtensions.swift */,
			);
			name = Extensions;
			path = "New Group";
			sourceTree = "<group>";
		};
		C0A385691F9E54AF005064DF = {
			isa = PBXGroup;
			children = (
				C0A385741F9E54AF005064DF /* Minimal */,
				C0A385731F9E54AF005064DF /* Products */,
				F5C3049FE95056FF784690EE /* Pods */,
				5F52AD4E0753BB7BB3796F51 /* Frameworks */,
			);
			sourceTree = "<group>";
		};
		C0A385731F9E54AF005064DF /* Products */ = {
			isa = PBXGroup;
			children = (
				C0A385721F9E54AF005064DF /* Minimal.app */,
			);
			name = Products;
			sourceTree = "<group>";
		};
		C0A385741F9E54AF005064DF /* Minimal */ = {
			isa = PBXGroup;
			children = (
				C0A385751F9E54AF005064DF /* AppDelegate.swift */,
				C0A3858E1F9E5718005064DF /* Root.storyboard */,
				C0A385991F9E919B005064DF /* Core Data */,
				C0A3858C1F9E56A2005064DF /* Main */,
				C0A3859F1F9EA1B9005064DF /* Network */,
				C0A385981F9E913F005064DF /* Resources */,
				C0A3858B1F9E5691005064DF /* Search */,
				C0A3858D1F9E56B0005064DF /* Settings */,
				C0DA84DA1FA01030006BE949 /* Shared */,
			);
			path = Minimal;
			sourceTree = "<group>";
		};
		C0A3858B1F9E5691005064DF /* Search */ = {
			isa = PBXGroup;
			children = (
				C0A385921F9E9089005064DF /* Search.storyboard */,
				C0897DA31FAAC75900801E08 /* SearchViewController.swift */,
				C0897DA51FAAC89700801E08 /* SearchCell.swift */,
				C022E7F72069CB45002277B4 /* DefaultSubredditsViewController.swift */,
				C0235EF42065E8AC0084D3C5 /* SubscribedViewController.swift */,
			);
			path = Search;
			sourceTree = "<group>";
		};
		C0A3858C1F9E56A2005064DF /* Main */ = {
			isa = PBXGroup;
			children = (
				C0A385941F9E90DF005064DF /* Main.storyboard */,
				C096E53920A53FEF0061442D /* MainModel.swift */,
				C0A3859B1F9E9796005064DF /* MainViewController.swift */,
				C03167BF1FB175A900E420D0 /* MainCollectionViewFlowLayout.swift */,
				C0A3859D1F9E98AC005064DF /* MediaCascadeCell.swift */,
				C01A6DBA206B39BD00CA50C2 /* MediaAnnotatedCell.swift */,
				C0EC9B9F1FC2352B0073FF7A /* Pop */,
				C0EC9B9E1FC235050073FF7A /* Comments */,
			);
			path = Main;
			sourceTree = "<group>";
		};
		C0A3858D1F9E56B0005064DF /* Settings */ = {
			isa = PBXGroup;
			children = (
				C0A385961F9E9130005064DF /* Settings.storyboard */,
				C0A385771F9E54B0005064DF /* SettingsViewController.swift */,
				C0A41B141FE6306F005A3F58 /* ThemeViewController.swift */,
				C06E18641FFD381800AB4F3A /* FontViewController.swift */,
				C008B1C1200F02A7005FC651 /* DisplayViewController.swift */,
				C08D62401FD4E39200794B2A /* AuthenticateCell.swift */,
				C0A41B161FE741B5005A3F58 /* ThemeCell.swift */,
			);
			path = Settings;
			sourceTree = "<group>";
		};
		C0A385981F9E913F005064DF /* Resources */ = {
			isa = PBXGroup;
			children = (
				C002922620AD29BA00E489A6 /* Assets.xcassets */,
				C0A385841F9E54B0005064DF /* Info.plist */,
				C0A385811F9E54B0005064DF /* LaunchScreen.storyboard */,
			);
			path = Resources;
			sourceTree = "<group>";
		};
		C0A385991F9E919B005064DF /* Core Data */ = {
			isa = PBXGroup;
			children = (
				C03F92231FA049AE009EEEF3 /* Manager */,
				C0A3857C1F9E54B0005064DF /* Minimal.xcdatamodeld */,
				C0DA84D61FA00D10006BE949 /* Listing+CoreDataClass.swift */,
				C0DA84D71FA00D10006BE949 /* Listing+CoreDataProperties.swift */,
				C0C2AC44201842C000745869 /* Subreddit+CoreDataClass.swift */,
				C0C2AC45201842C000745869 /* Subreddit+CoreDataProperties.swift */,
				C0EDC88C1FD78219009C0D39 /* User+CoreDataClass.swift */,
				C0EDC88D1FD78219009C0D39 /* User+CoreDataProperties.swift */,
			);
			path = "Core Data";
			sourceTree = "<group>";
		};
		C0A3859F1F9EA1B9005064DF /* Network */ = {
			isa = PBXGroup;
			children = (
				C02E49921FDA59B40030347D /* Managers */,
				C003B8FF1FC6137700A2B089 /* Routers */,
				C0A385A21F9F8834005064DF /* Data Contracts */,
				C0EDC8901FDA4352009C0D39 /* NetworkManager.swift */,
			);
			path = Network;
			sourceTree = "<group>";
		};
		C0A385A21F9F8834005064DF /* Data Contracts */ = {
			isa = PBXGroup;
			children = (
				C0A385A31F9F885E005064DF /* ListingContract.swift */,
				C020F9832016DA3700A3E43A /* SubredditContract.swift */,
				C07FAE0C205C7E690049E9F0 /* AuthorizationContract.swift */,
			);
			path = "Data Contracts";
			sourceTree = "<group>";
		};
		C0A823622048C71900847548 /* Custom */ = {
			isa = PBXGroup;
			children = (
				C0EC9B961FC0A1750073FF7A /* HiddenNavBarNavigationController.swift */,
				C04AED062040CDD400554C5E /* POSLogger.swift */,
				C00B140A2029509B0064D1AF /* SegmentedController.swift */,
			);
			path = Custom;
			sourceTree = "<group>";
		};
		C0DA84DA1FA01030006BE949 /* Shared */ = {
			isa = PBXGroup;
			children = (
				C0A823622048C71900847548 /* Custom */,
				C097F1A81FBBF8F200706F89 /* Extensions */,
				C08D623D1FD4DADC00794B2A /* Views */,
				C07A81DB20802CA80075164E /* ImageProcessor.swift */,
				C0DA84DB1FA01769006BE949 /* ListingEnums.swift */,
				C03EC9EB1FC8CCEC00ACA0F5 /* ThemeManager.swift */,
				C0110E131FB4DF5700410478 /* TypeName.swift */,
				C07FAE062054C6230049E9F0 /* Defaults.swift */,
			);
			path = Shared;
			sourceTree = "<group>";
		};
		C0EC9B9E1FC235050073FF7A /* Comments */ = {
			isa = PBXGroup;
			children = (
				C0EC9B941FBFE3980073FF7A /* CommentsViewController.swift */,
				C0EC9B9C1FC112B90073FF7A /* HeaderCell.swift */,
				C01B23041FD09DBE001F60B8 /* ImageViewController.swift */,
			);
			path = Comments;
			sourceTree = "<group>";
		};
		C0EC9B9F1FC2352B0073FF7A /* Pop */ = {
			isa = PBXGroup;
			children = (
				C0ED1F9B1FB2AC1900580C1E /* DetailViewController.swift */,
			);
			path = Pop;
			sourceTree = "<group>";
		};
		F5C3049FE95056FF784690EE /* Pods */ = {
			isa = PBXGroup;
			children = (
				E24D1E61FEBD271FBA772ED4 /* Pods-Minimal.debug.xcconfig */,
				6EE6E699A8CC366AF9CF9E08 /* Pods-Minimal.release.xcconfig */,
			);
			name = Pods;
			sourceTree = "<group>";
		};
/* End PBXGroup section */

/* Begin PBXNativeTarget section */
		C0A385711F9E54AF005064DF /* Minimal */ = {
			isa = PBXNativeTarget;
			buildConfigurationList = C0A385871F9E54B0005064DF /* Build configuration list for PBXNativeTarget "Minimal" */;
			buildPhases = (
				828580B289DBBA509F252B62 /* [CP] Check Pods Manifest.lock */,
				C0A3856E1F9E54AF005064DF /* Sources */,
				C0A3856F1F9E54AF005064DF /* Frameworks */,
				C0A385701F9E54AF005064DF /* Resources */,
				9BAE6D41A5F94D3473927681 /* [CP] Embed Pods Frameworks */,
			);
			buildRules = (
			);
			dependencies = (
			);
			name = Minimal;
			productName = Minimal;
			productReference = C0A385721F9E54AF005064DF /* Minimal.app */;
			productType = "com.apple.product-type.application";
		};
/* End PBXNativeTarget section */

/* Begin PBXProject section */
		C0A3856A1F9E54AF005064DF /* Project object */ = {
			isa = PBXProject;
			attributes = {
				LastSwiftUpdateCheck = 0900;
				LastUpgradeCheck = 0930;
				ORGANIZATIONNAME = "Parker Kirby";
				TargetAttributes = {
					C0A385711F9E54AF005064DF = {
						CreatedOnToolsVersion = 9.0;
						ProvisioningStyle = Automatic;
					};
				};
			};
			buildConfigurationList = C0A3856D1F9E54AF005064DF /* Build configuration list for PBXProject "Minimal" */;
			compatibilityVersion = "Xcode 8.0";
			developmentRegion = en;
			hasScannedForEncodings = 0;
			knownRegions = (
				en,
				Base,
			);
			mainGroup = C0A385691F9E54AF005064DF;
			productRefGroup = C0A385731F9E54AF005064DF /* Products */;
			projectDirPath = "";
			projectRoot = "";
			targets = (
				C0A385711F9E54AF005064DF /* Minimal */,
			);
		};
/* End PBXProject section */

/* Begin PBXResourcesBuildPhase section */
		C0A385701F9E54AF005064DF /* Resources */ = {
			isa = PBXResourcesBuildPhase;
			buildActionMask = 2147483647;
			files = (
				C0A385831F9E54B0005064DF /* LaunchScreen.storyboard in Resources */,
				C0A385951F9E90DF005064DF /* Main.storyboard in Resources */,
				C002922720AD29BA00E489A6 /* Assets.xcassets in Resources */,
				C096E53E20AD1C0B0061442D /* ActionView.xib in Resources */,
				C0A3858F1F9E5718005064DF /* Root.storyboard in Resources */,
				C0A385931F9E9089005064DF /* Search.storyboard in Resources */,
				C022E7FA2069D293002277B4 /* SubscribedHeaderView.xib in Resources */,
				C0EC9B991FC0EC780073FF7A /* AnnotationView.xib in Resources */,
				C0A385971F9E9130005064DF /* Settings.storyboard in Resources */,
				C0EC9BA11FC237AA0073FF7A /* PresentationView.xib in Resources */,
				C011383E2067582000FBD5E7 /* SubscribedCell.xib in Resources */,
			);
			runOnlyForDeploymentPostprocessing = 0;
		};
/* End PBXResourcesBuildPhase section */

/* Begin PBXShellScriptBuildPhase section */
		828580B289DBBA509F252B62 /* [CP] Check Pods Manifest.lock */ = {
			isa = PBXShellScriptBuildPhase;
			buildActionMask = 2147483647;
			files = (
			);
			inputPaths = (
				"${PODS_PODFILE_DIR_PATH}/Podfile.lock",
				"${PODS_ROOT}/Manifest.lock",
			);
			name = "[CP] Check Pods Manifest.lock";
			outputPaths = (
				"$(DERIVED_FILE_DIR)/Pods-Minimal-checkManifestLockResult.txt",
			);
			runOnlyForDeploymentPostprocessing = 0;
			shellPath = /bin/sh;
			shellScript = "diff \"${PODS_PODFILE_DIR_PATH}/Podfile.lock\" \"${PODS_ROOT}/Manifest.lock\" > /dev/null\nif [ $? != 0 ] ; then\n    # print error to STDERR\n    echo \"error: The sandbox is not in sync with the Podfile.lock. Run 'pod install' or update your CocoaPods installation.\" >&2\n    exit 1\nfi\n# This output is used by Xcode 'outputs' to avoid re-running this script phase.\necho \"SUCCESS\" > \"${SCRIPT_OUTPUT_FILE_0}\"\n";
			showEnvVarsInLog = 0;
		};
		9BAE6D41A5F94D3473927681 /* [CP] Embed Pods Frameworks */ = {
			isa = PBXShellScriptBuildPhase;
			buildActionMask = 2147483647;
			files = (
			);
			inputPaths = (
				"${SRCROOT}/Pods/Target Support Files/Pods-Minimal/Pods-Minimal-frameworks.sh",
				"${BUILT_PRODUCTS_DIR}/Gifu/Gifu.framework",
				"${BUILT_PRODUCTS_DIR}/Nuke/Nuke.framework",
				"${BUILT_PRODUCTS_DIR}/Nuke-Gifu-Plugin/NukeGifuPlugin.framework",
			);
			name = "[CP] Embed Pods Frameworks";
			outputPaths = (
				"${TARGET_BUILD_DIR}/${FRAMEWORKS_FOLDER_PATH}/Gifu.framework",
				"${TARGET_BUILD_DIR}/${FRAMEWORKS_FOLDER_PATH}/Nuke.framework",
				"${TARGET_BUILD_DIR}/${FRAMEWORKS_FOLDER_PATH}/NukeGifuPlugin.framework",
			);
			runOnlyForDeploymentPostprocessing = 0;
			shellPath = /bin/sh;
			shellScript = "\"${SRCROOT}/Pods/Target Support Files/Pods-Minimal/Pods-Minimal-frameworks.sh\"\n";
			showEnvVarsInLog = 0;
		};
/* End PBXShellScriptBuildPhase section */

/* Begin PBXSourcesBuildPhase section */
		C0A3856E1F9E54AF005064DF /* Sources */ = {
			isa = PBXSourcesBuildPhase;
			buildActionMask = 2147483647;
			files = (
				C0897DA41FAAC75900801E08 /* SearchViewController.swift in Sources */,
				C06E18651FFD381800AB4F3A /* FontViewController.swift in Sources */,
				C0C2AC46201842C000745869 /* Subreddit+CoreDataClass.swift in Sources */,
				C0897DA61FAAC89700801E08 /* SearchCell.swift in Sources */,
				C0110E141FB4DF5700410478 /* TypeName.swift in Sources */,
				C0ED1F9E1FB3F0DB00580C1E /* DateExtensions.swift in Sources */,
				C07FAE0F205C820D0049E9F0 /* AuthorizationRouter.swift in Sources */,
				C0EC9BA31FC237BE0073FF7A /* PresentationView.swift in Sources */,
				C0DA84DC1FA01769006BE949 /* ListingEnums.swift in Sources */,
				C00B140D202FA3010064D1AF /* SubscribedCell.swift in Sources */,
				C0EDC8911FDA4352009C0D39 /* NetworkManager.swift in Sources */,
				C022E7FC2069D2A4002277B4 /* SubscribedHeaderView.swift in Sources */,
				C0110E161FB5671400410478 /* NotificationExtensions.swift in Sources */,
				C0A41B171FE741B5005A3F58 /* ThemeCell.swift in Sources */,
				C00B140B2029509B0064D1AF /* SegmentedController.swift in Sources */,
				C08D62411FD4E39200794B2A /* AuthenticateCell.swift in Sources */,
				C0EC9B971FC0A1750073FF7A /* HiddenNavBarNavigationController.swift in Sources */,
				C07A81DC20802CA80075164E /* ImageProcessor.swift in Sources */,
				C0C2AC47201842C000745869 /* Subreddit+CoreDataProperties.swift in Sources */,
				C07FAE11205C96C40049E9F0 /* RequestAuthorization.swift in Sources */,
				C06E18631FFC6B1300AB4F3A /* UITabBarExtensions.swift in Sources */,
				C020F9842016DA3700A3E43A /* SubredditContract.swift in Sources */,
				C0897DA81FABB4FB00801E08 /* PlayerView.swift in Sources */,
				C08D623F1FD4DC5D00794B2A /* LabelBaseCell.swift in Sources */,
				C0A3857E1F9E54B0005064DF /* Minimal.xcdatamodeld in Sources */,
				C01A6DBD206D972900CA50C2 /* StringExtensions.swift in Sources */,
				C03167C01FB175A900E420D0 /* MainCollectionViewFlowLayout.swift in Sources */,
				C0EDC88E1FD78219009C0D39 /* User+CoreDataClass.swift in Sources */,
				C0ED1F9C1FB2AC1900580C1E /* DetailViewController.swift in Sources */,
				C003B9011FC6139800A2B089 /* ListingRouter.swift in Sources */,
				C0A385781F9E54B0005064DF /* SettingsViewController.swift in Sources */,
				C07FAE0D205C7E690049E9F0 /* AuthorizationContract.swift in Sources */,
				C020F9862016E0DD00A3E43A /* SearchSubredditManager.swift in Sources */,
				C0EC9B9D1FC112B90073FF7A /* HeaderCell.swift in Sources */,
				C0A3859E1F9E98AC005064DF /* MediaCascadeCell.swift in Sources */,
				C07FAE092058B0C30049E9F0 /* SubscribedManager.swift in Sources */,
				C096E53C20AD1BFC0061442D /* ActionView.swift in Sources */,
				C0EC9B9B1FC0ED9A0073FF7A /* AnnotationView.swift in Sources */,
				C0EDC88F1FD78219009C0D39 /* User+CoreDataProperties.swift in Sources */,
				C03EC9EC1FC8CCEC00ACA0F5 /* ThemeManager.swift in Sources */,
				C03F92251FA049BE009EEEF3 /* DatabaseEngine.swift in Sources */,
				C0DA84D91FA00D10006BE949 /* Listing+CoreDataProperties.swift in Sources */,
				C08D62431FD617DD00794B2A /* UITableViewCellExtensions.swift in Sources */,
				C01B23051FD09DBE001F60B8 /* ImageViewController.swift in Sources */,
				C050C34C200173CB00863B52 /* UILabelExtensions.swift in Sources */,
				C0DA84D81FA00D10006BE949 /* Listing+CoreDataClass.swift in Sources */,
				C0A385A41F9F885E005064DF /* ListingContract.swift in Sources */,
				C055A0AE204CBAF700D09405 /* UIImageViewExtensions.swift in Sources */,
				C020F9882016E43000A3E43A /* SubredditRouter.swift in Sources */,
				C01A6DBB206B39BD00CA50C2 /* MediaAnnotatedCell.swift in Sources */,
				C02E49941FDA59C40030347D /* ListingManager.swift in Sources */,
				C008B1C620156574005FC651 /* UISearchBarExtensions.swift in Sources */,
				C0235EF52065E8AC0084D3C5 /* SubscribedViewController.swift in Sources */,
				C04AED072040CDD400554C5E /* POSLogger.swift in Sources */,
				C096E53A20A53FEF0061442D /* MainModel.swift in Sources */,
				C0D584591FB75297002BCFA9 /* UIViewControllerExtensions.swift in Sources */,
				C07FAE072054C6230049E9F0 /* Defaults.swift in Sources */,
				C022E7F82069CB45002277B4 /* DefaultSubredditsViewController.swift in Sources */,
				C0A41B151FE6306F005A3F58 /* ThemeViewController.swift in Sources */,
				C0EC9BA51FC25A760073FF7A /* UIViewExtension.swift in Sources */,
				C0EC9B951FBFE3980073FF7A /* CommentsViewController.swift in Sources */,
				C008B1C2200F02A7005FC651 /* DisplayViewController.swift in Sources */,
				C0A385761F9E54AF005064DF /* AppDelegate.swift in Sources */,
				C0A3859C1F9E9796005064DF /* MainViewController.swift in Sources */,
				C03F92271FA11DE7009EEEF3 /* NSManagedObjectExtensions.swift in Sources */,
				C09E91EB201D515300EFB3F5 /* Routable.swift in Sources */,
			);
			runOnlyForDeploymentPostprocessing = 0;
		};
/* End PBXSourcesBuildPhase section */

/* Begin PBXVariantGroup section */
		C0A385811F9E54B0005064DF /* LaunchScreen.storyboard */ = {
			isa = PBXVariantGroup;
			children = (
				C0A385821F9E54B0005064DF /* Base */,
			);
			name = LaunchScreen.storyboard;
			sourceTree = "<group>";
		};
/* End PBXVariantGroup section */

/* Begin XCBuildConfiguration section */
		C0A385851F9E54B0005064DF /* Debug */ = {
			isa = XCBuildConfiguration;
			buildSettings = {
				ALWAYS_SEARCH_USER_PATHS = NO;
				CLANG_ANALYZER_NONNULL = YES;
				CLANG_ANALYZER_NUMBER_OBJECT_CONVERSION = YES_AGGRESSIVE;
				CLANG_CXX_LANGUAGE_STANDARD = "gnu++14";
				CLANG_CXX_LIBRARY = "libc++";
				CLANG_ENABLE_MODULES = YES;
				CLANG_ENABLE_OBJC_ARC = YES;
				CLANG_WARN_BLOCK_CAPTURE_AUTORELEASING = YES;
				CLANG_WARN_BOOL_CONVERSION = YES;
				CLANG_WARN_COMMA = YES;
				CLANG_WARN_CONSTANT_CONVERSION = YES;
				CLANG_WARN_DEPRECATED_OBJC_IMPLEMENTATIONS = YES;
				CLANG_WARN_DIRECT_OBJC_ISA_USAGE = YES_ERROR;
				CLANG_WARN_DOCUMENTATION_COMMENTS = YES;
				CLANG_WARN_EMPTY_BODY = YES;
				CLANG_WARN_ENUM_CONVERSION = YES;
				CLANG_WARN_INFINITE_RECURSION = YES;
				CLANG_WARN_INT_CONVERSION = YES;
				CLANG_WARN_NON_LITERAL_NULL_CONVERSION = YES;
				CLANG_WARN_OBJC_IMPLICIT_RETAIN_SELF = YES;
				CLANG_WARN_OBJC_LITERAL_CONVERSION = YES;
				CLANG_WARN_OBJC_ROOT_CLASS = YES_ERROR;
				CLANG_WARN_RANGE_LOOP_ANALYSIS = YES;
				CLANG_WARN_STRICT_PROTOTYPES = YES;
				CLANG_WARN_SUSPICIOUS_MOVE = YES;
				CLANG_WARN_UNGUARDED_AVAILABILITY = YES_AGGRESSIVE;
				CLANG_WARN_UNREACHABLE_CODE = YES;
				CLANG_WARN__DUPLICATE_METHOD_MATCH = YES;
				CODE_SIGN_IDENTITY = "iPhone Developer";
				COPY_PHASE_STRIP = NO;
				DEBUG_INFORMATION_FORMAT = dwarf;
				ENABLE_STRICT_OBJC_MSGSEND = YES;
				ENABLE_TESTABILITY = YES;
				GCC_C_LANGUAGE_STANDARD = gnu11;
				GCC_DYNAMIC_NO_PIC = NO;
				GCC_NO_COMMON_BLOCKS = YES;
				GCC_OPTIMIZATION_LEVEL = 0;
				GCC_PREPROCESSOR_DEFINITIONS = (
					"DEBUG=1",
					"$(inherited)",
				);
				GCC_WARN_64_TO_32_BIT_CONVERSION = YES;
				GCC_WARN_ABOUT_RETURN_TYPE = YES_ERROR;
				GCC_WARN_UNDECLARED_SELECTOR = YES;
				GCC_WARN_UNINITIALIZED_AUTOS = YES_AGGRESSIVE;
				GCC_WARN_UNUSED_FUNCTION = YES;
				GCC_WARN_UNUSED_VARIABLE = YES;
				IPHONEOS_DEPLOYMENT_TARGET = 11.0;
				MTL_ENABLE_DEBUG_INFO = YES;
				ONLY_ACTIVE_ARCH = YES;
				SDKROOT = iphoneos;
				SWIFT_ACTIVE_COMPILATION_CONDITIONS = DEBUG;
				SWIFT_OPTIMIZATION_LEVEL = "-Onone";
			};
			name = Debug;
		};
		C0A385861F9E54B0005064DF /* Release */ = {
			isa = XCBuildConfiguration;
			buildSettings = {
				ALWAYS_SEARCH_USER_PATHS = NO;
				CLANG_ANALYZER_NONNULL = YES;
				CLANG_ANALYZER_NUMBER_OBJECT_CONVERSION = YES_AGGRESSIVE;
				CLANG_CXX_LANGUAGE_STANDARD = "gnu++14";
				CLANG_CXX_LIBRARY = "libc++";
				CLANG_ENABLE_MODULES = YES;
				CLANG_ENABLE_OBJC_ARC = YES;
				CLANG_WARN_BLOCK_CAPTURE_AUTORELEASING = YES;
				CLANG_WARN_BOOL_CONVERSION = YES;
				CLANG_WARN_COMMA = YES;
				CLANG_WARN_CONSTANT_CONVERSION = YES;
				CLANG_WARN_DEPRECATED_OBJC_IMPLEMENTATIONS = YES;
				CLANG_WARN_DIRECT_OBJC_ISA_USAGE = YES_ERROR;
				CLANG_WARN_DOCUMENTATION_COMMENTS = YES;
				CLANG_WARN_EMPTY_BODY = YES;
				CLANG_WARN_ENUM_CONVERSION = YES;
				CLANG_WARN_INFINITE_RECURSION = YES;
				CLANG_WARN_INT_CONVERSION = YES;
				CLANG_WARN_NON_LITERAL_NULL_CONVERSION = YES;
				CLANG_WARN_OBJC_IMPLICIT_RETAIN_SELF = YES;
				CLANG_WARN_OBJC_LITERAL_CONVERSION = YES;
				CLANG_WARN_OBJC_ROOT_CLASS = YES_ERROR;
				CLANG_WARN_RANGE_LOOP_ANALYSIS = YES;
				CLANG_WARN_STRICT_PROTOTYPES = YES;
				CLANG_WARN_SUSPICIOUS_MOVE = YES;
				CLANG_WARN_UNGUARDED_AVAILABILITY = YES_AGGRESSIVE;
				CLANG_WARN_UNREACHABLE_CODE = YES;
				CLANG_WARN__DUPLICATE_METHOD_MATCH = YES;
				CODE_SIGN_IDENTITY = "iPhone Developer";
				COPY_PHASE_STRIP = NO;
				DEBUG_INFORMATION_FORMAT = "dwarf-with-dsym";
				ENABLE_NS_ASSERTIONS = NO;
				ENABLE_STRICT_OBJC_MSGSEND = YES;
				GCC_C_LANGUAGE_STANDARD = gnu11;
				GCC_NO_COMMON_BLOCKS = YES;
				GCC_WARN_64_TO_32_BIT_CONVERSION = YES;
				GCC_WARN_ABOUT_RETURN_TYPE = YES_ERROR;
				GCC_WARN_UNDECLARED_SELECTOR = YES;
				GCC_WARN_UNINITIALIZED_AUTOS = YES_AGGRESSIVE;
				GCC_WARN_UNUSED_FUNCTION = YES;
				GCC_WARN_UNUSED_VARIABLE = YES;
				IPHONEOS_DEPLOYMENT_TARGET = 11.0;
				MTL_ENABLE_DEBUG_INFO = NO;
				SDKROOT = iphoneos;
				SWIFT_OPTIMIZATION_LEVEL = "-Owholemodule";
				VALIDATE_PRODUCT = YES;
			};
			name = Release;
		};
		C0A385881F9E54B0005064DF /* Debug */ = {
			isa = XCBuildConfiguration;
			baseConfigurationReference = E24D1E61FEBD271FBA772ED4 /* Pods-Minimal.debug.xcconfig */;
			buildSettings = {
				ASSETCATALOG_COMPILER_APPICON_NAME = AppIcon;
				CODE_SIGN_STYLE = Automatic;
				DEVELOPMENT_TEAM = 5BJ626428V;
				INFOPLIST_FILE = "$(SRCROOT)/Minimal/Resources/Info.plist";
				LD_RUNPATH_SEARCH_PATHS = "$(inherited) @executable_path/Frameworks";
				PRODUCT_BUNDLE_IDENTIFIER = com.parkerKirby.Minimal;
				PRODUCT_NAME = "$(TARGET_NAME)";
				SWIFT_VERSION = 4.0;
				TARGETED_DEVICE_FAMILY = "1,2";
			};
			name = Debug;
		};
		C0A385891F9E54B0005064DF /* Release */ = {
			isa = XCBuildConfiguration;
			baseConfigurationReference = 6EE6E699A8CC366AF9CF9E08 /* Pods-Minimal.release.xcconfig */;
			buildSettings = {
				ASSETCATALOG_COMPILER_APPICON_NAME = AppIcon;
				CODE_SIGN_STYLE = Automatic;
				DEVELOPMENT_TEAM = 5BJ626428V;
				INFOPLIST_FILE = "$(SRCROOT)/Minimal/Resources/Info.plist";
				LD_RUNPATH_SEARCH_PATHS = "$(inherited) @executable_path/Frameworks";
				PRODUCT_BUNDLE_IDENTIFIER = com.parkerKirby.Minimal;
				PRODUCT_NAME = "$(TARGET_NAME)";
				SWIFT_VERSION = 4.0;
				TARGETED_DEVICE_FAMILY = "1,2";
			};
			name = Release;
		};
/* End XCBuildConfiguration section */

/* Begin XCConfigurationList section */
		C0A3856D1F9E54AF005064DF /* Build configuration list for PBXProject "Minimal" */ = {
			isa = XCConfigurationList;
			buildConfigurations = (
				C0A385851F9E54B0005064DF /* Debug */,
				C0A385861F9E54B0005064DF /* Release */,
			);
			defaultConfigurationIsVisible = 0;
			defaultConfigurationName = Release;
		};
		C0A385871F9E54B0005064DF /* Build configuration list for PBXNativeTarget "Minimal" */ = {
			isa = XCConfigurationList;
			buildConfigurations = (
				C0A385881F9E54B0005064DF /* Debug */,
				C0A385891F9E54B0005064DF /* Release */,
			);
			defaultConfigurationIsVisible = 0;
			defaultConfigurationName = Release;
		};
/* End XCConfigurationList section */

/* Begin XCVersionGroup section */
		C0A3857C1F9E54B0005064DF /* Minimal.xcdatamodeld */ = {
			isa = XCVersionGroup;
			children = (
				C0A3857D1F9E54B0005064DF /* Minimal.xcdatamodel */,
			);
			currentVersion = C0A3857D1F9E54B0005064DF /* Minimal.xcdatamodel */;
			path = Minimal.xcdatamodeld;
			sourceTree = "<group>";
			versionGroupType = wrapper.xcdatamodel;
		};
/* End XCVersionGroup section */
	};
	rootObject = C0A3856A1F9E54AF005064DF /* Project object */;
}
